// !$*UTF8*$!
{
	archiveVersion = 1;
	classes = {
	};
	objectVersion = 55;
	objects = {

/* Begin PBXBuildFile section */
		2A978355B5DA0EF882D565E1 /* Pods_GoalTracker2.framework in Frameworks */ = {isa = PBXBuildFile; fileRef = 0B1B21EABD8BA56813343784 /* Pods_GoalTracker2.framework */; };
		4D48197F419328D96712A530 /* Pods_GoalTracker2_GoalTracker2UITests.framework in Frameworks */ = {isa = PBXBuildFile; fileRef = 1D7F12845C4B9F031CBE5F31 /* Pods_GoalTracker2_GoalTracker2UITests.framework */; };
		620A7C60291D19BB0091177E /* UILabel_Extension.swift in Sources */ = {isa = PBXBuildFile; fileRef = 620A7C5F291D19BB0091177E /* UILabel_Extension.swift */; };
		621AEAC528CEF58800D53F2C /* UIFont_Extension.swift in Sources */ = {isa = PBXBuildFile; fileRef = 621AEAC428CEF58800D53F2C /* UIFont_Extension.swift */; };
		621AEAC928CEF5A300D53F2C /* Numeric_Extension.swift in Sources */ = {isa = PBXBuildFile; fileRef = 621AEAC728CEF5A300D53F2C /* Numeric_Extension.swift */; };
		621AEACC28CEF64C00D53F2C /* Entities.swift in Sources */ = {isa = PBXBuildFile; fileRef = 621AEACB28CEF64C00D53F2C /* Entities.swift */; };
		621AEACE28CEF66A00D53F2C /* Date_Extension.swift in Sources */ = {isa = PBXBuildFile; fileRef = 621AEACD28CEF66A00D53F2C /* Date_Extension.swift */; };
		621AEAD428CEF71700D53F2C /* GoalManager.swift in Sources */ = {isa = PBXBuildFile; fileRef = 621AEAD328CEF71700D53F2C /* GoalManager.swift */; };
		621AEAD628CEF71D00D53F2C /* MainViewModel.swift in Sources */ = {isa = PBXBuildFile; fileRef = 621AEAD528CEF71D00D53F2C /* MainViewModel.swift */; };
		621AEAEE28CEF74300D53F2C /* TileCell.swift in Sources */ = {isa = PBXBuildFile; fileRef = 621AEADC28CEF74300D53F2C /* TileCell.swift */; };
		621AEAEF28CEF74300D53F2C /* TileBoardCollectionView.swift in Sources */ = {isa = PBXBuildFile; fileRef = 621AEADD28CEF74300D53F2C /* TileBoardCollectionView.swift */; };
		621AEAF028CEF74300D53F2C /* GoalCircleCell.swift in Sources */ = {isa = PBXBuildFile; fileRef = 621AEADF28CEF74300D53F2C /* GoalCircleCell.swift */; };
		621AEAF128CEF74300D53F2C /* TrebleFigurePannel.swift in Sources */ = {isa = PBXBuildFile; fileRef = 621AEAE128CEF74300D53F2C /* TrebleFigurePannel.swift */; };
		621AEAF228CEF74300D53F2C /* ArcProcessBar.swift in Sources */ = {isa = PBXBuildFile; fileRef = 621AEAE228CEF74300D53F2C /* ArcProcessBar.swift */; };
		621AEAF328CEF74300D53F2C /* GoalCircle.swift in Sources */ = {isa = PBXBuildFile; fileRef = 621AEAE328CEF74300D53F2C /* GoalCircle.swift */; };
		621AEAF428CEF74300D53F2C /* GTAlertViewController.swift in Sources */ = {isa = PBXBuildFile; fileRef = 621AEAE528CEF74300D53F2C /* GTAlertViewController.swift */; };
		621AEAF728CEF74300D53F2C /* VerticalPageIndicator.swift in Sources */ = {isa = PBXBuildFile; fileRef = 621AEAE828CEF74300D53F2C /* VerticalPageIndicator.swift */; };
		621AEAF828CEF74300D53F2C /* MainDimView.swift in Sources */ = {isa = PBXBuildFile; fileRef = 621AEAE928CEF74300D53F2C /* MainDimView.swift */; };
		621AEAF928CEF74300D53F2C /* MessageBar.swift in Sources */ = {isa = PBXBuildFile; fileRef = 621AEAEA28CEF74300D53F2C /* MessageBar.swift */; };
		621AEAFA28CEF74300D53F2C /* CircularCollectionView.swift in Sources */ = {isa = PBXBuildFile; fileRef = 621AEAEC28CEF74300D53F2C /* CircularCollectionView.swift */; };
		621AEAFB28CEF74300D53F2C /* CollectionViewCircularLayout.swift in Sources */ = {isa = PBXBuildFile; fileRef = 621AEAED28CEF74300D53F2C /* CollectionViewCircularLayout.swift */; };
		621AEAFE28CEF74D00D53F2C /* PresentationController.swift in Sources */ = {isa = PBXBuildFile; fileRef = 621AEAFD28CEF74D00D53F2C /* PresentationController.swift */; };
		621AEB0028CEF81C00D53F2C /* Constants.swift in Sources */ = {isa = PBXBuildFile; fileRef = 621AEAFF28CEF81C00D53F2C /* Constants.swift */; };
		621AEB0328CF056400D53F2C /* AddGoalViewModel11.swift in Sources */ = {isa = PBXBuildFile; fileRef = 621AEB0128CF056400D53F2C /* AddGoalViewModel11.swift */; };
		621AEB0428CF056400D53F2C /* AddGoalViewController11.swift in Sources */ = {isa = PBXBuildFile; fileRef = 621AEB0228CF056400D53F2C /* AddGoalViewController11.swift */; };
		621AEB0628CF058B00D53F2C /* UIView_Extension.swift in Sources */ = {isa = PBXBuildFile; fileRef = 621AEB0528CF058B00D53F2C /* UIView_Extension.swift */; };
		621AEB0828CF05A000D53F2C /* UIButton_Extension.swift in Sources */ = {isa = PBXBuildFile; fileRef = 621AEB0728CF05A000D53F2C /* UIButton_Extension.swift */; };
		621AEB0A28CF089400D53F2C /* HomeViewModel.swift in Sources */ = {isa = PBXBuildFile; fileRef = 621AEB0928CF089400D53F2C /* HomeViewModel.swift */; };
		621FEA97291A687A00AC6DDC /* FlapScoreView.swift in Sources */ = {isa = PBXBuildFile; fileRef = 621FEA96291A687A00AC6DDC /* FlapScoreView.swift */; };
		6226909328D5896B00E4AA01 /* NotoSans-Regular.ttf in Resources */ = {isa = PBXBuildFile; fileRef = 6226907728D5896A00E4AA01 /* NotoSans-Regular.ttf */; };
		6226909428D5896B00E4AA01 /* NotoSans-Medium.ttf in Resources */ = {isa = PBXBuildFile; fileRef = 6226907828D5896A00E4AA01 /* NotoSans-Medium.ttf */; };
		6226909528D5896B00E4AA01 /* NotoSans-Black.ttf in Resources */ = {isa = PBXBuildFile; fileRef = 6226907928D5896A00E4AA01 /* NotoSans-Black.ttf */; };
		6226909628D5896B00E4AA01 /* NotoSans-Bold.ttf in Resources */ = {isa = PBXBuildFile; fileRef = 6226907A28D5896A00E4AA01 /* NotoSans-Bold.ttf */; };
		6226909728D5896B00E4AA01 /* NotoSans-Thin.ttf in Resources */ = {isa = PBXBuildFile; fileRef = 6226907B28D5896A00E4AA01 /* NotoSans-Thin.ttf */; };
		6226909828D5896B00E4AA01 /* NotoSans-SemiBold.ttf in Resources */ = {isa = PBXBuildFile; fileRef = 6226907C28D5896A00E4AA01 /* NotoSans-SemiBold.ttf */; };
		6226909928D5896B00E4AA01 /* NotoSans-Light.ttf in Resources */ = {isa = PBXBuildFile; fileRef = 6226907D28D5896A00E4AA01 /* NotoSans-Light.ttf */; };
		6226909A28D5896B00E4AA01 /* NotoSans-ExtraLight.ttf in Resources */ = {isa = PBXBuildFile; fileRef = 6226907E28D5896A00E4AA01 /* NotoSans-ExtraLight.ttf */; };
		6226909B28D5896B00E4AA01 /* NotoSans-ExtraBold.ttf in Resources */ = {isa = PBXBuildFile; fileRef = 6226907F28D5896A00E4AA01 /* NotoSans-ExtraBold.ttf */; };
		6226909C28D5896B00E4AA01 /* SF-Pro-Display-Thin.otf in Resources */ = {isa = PBXBuildFile; fileRef = 6226908128D5896B00E4AA01 /* SF-Pro-Display-Thin.otf */; };
		6226909D28D5896B00E4AA01 /* SF-Pro-Display-SemiboldItalic.otf in Resources */ = {isa = PBXBuildFile; fileRef = 6226908228D5896B00E4AA01 /* SF-Pro-Display-SemiboldItalic.otf */; };
		6226909E28D5896B00E4AA01 /* SF-Pro-Display-RegularItalic.otf in Resources */ = {isa = PBXBuildFile; fileRef = 6226908328D5896B00E4AA01 /* SF-Pro-Display-RegularItalic.otf */; };
		6226909F28D5896B00E4AA01 /* SF-Pro-Display-Light.otf in Resources */ = {isa = PBXBuildFile; fileRef = 6226908428D5896B00E4AA01 /* SF-Pro-Display-Light.otf */; };
		622690A028D5896B00E4AA01 /* SF-Pro-Display-Regular.otf in Resources */ = {isa = PBXBuildFile; fileRef = 6226908528D5896B00E4AA01 /* SF-Pro-Display-Regular.otf */; };
		622690A128D5896B00E4AA01 /* SF-Pro-Display-Bold.otf in Resources */ = {isa = PBXBuildFile; fileRef = 6226908628D5896B00E4AA01 /* SF-Pro-Display-Bold.otf */; };
		622690A228D5896B00E4AA01 /* SF-Pro-Display-Medium.otf in Resources */ = {isa = PBXBuildFile; fileRef = 6226908728D5896B00E4AA01 /* SF-Pro-Display-Medium.otf */; };
		622690A328D5896B00E4AA01 /* SF-Pro-Display-Heavy.otf in Resources */ = {isa = PBXBuildFile; fileRef = 6226908828D5896B00E4AA01 /* SF-Pro-Display-Heavy.otf */; };
		622690A428D5896B00E4AA01 /* SF-Pro-Display-Semibold.otf in Resources */ = {isa = PBXBuildFile; fileRef = 6226908928D5896B00E4AA01 /* SF-Pro-Display-Semibold.otf */; };
		622690A528D5896B00E4AA01 /* SF-Pro-Display-MediumItalic.otf in Resources */ = {isa = PBXBuildFile; fileRef = 6226908A28D5896B00E4AA01 /* SF-Pro-Display-MediumItalic.otf */; };
		622690A628D5896B00E4AA01 /* SF-Pro-Display-HeavyItalic.otf in Resources */ = {isa = PBXBuildFile; fileRef = 6226908B28D5896B00E4AA01 /* SF-Pro-Display-HeavyItalic.otf */; };
		622690A728D5896B00E4AA01 /* SF-Pro-Display-Ultralight.otf in Resources */ = {isa = PBXBuildFile; fileRef = 6226908C28D5896B00E4AA01 /* SF-Pro-Display-Ultralight.otf */; };
		622690A828D5896B00E4AA01 /* SF-Pro-Display-UltralightItalic.otf in Resources */ = {isa = PBXBuildFile; fileRef = 6226908D28D5896B00E4AA01 /* SF-Pro-Display-UltralightItalic.otf */; };
		622690A928D5896B00E4AA01 /* SF-Pro-Display-LightItalic.otf in Resources */ = {isa = PBXBuildFile; fileRef = 6226908E28D5896B00E4AA01 /* SF-Pro-Display-LightItalic.otf */; };
		622690AA28D5896B00E4AA01 /* SF-Pro-Display-BlackItalic.otf in Resources */ = {isa = PBXBuildFile; fileRef = 6226908F28D5896B00E4AA01 /* SF-Pro-Display-BlackItalic.otf */; };
		622690AB28D5896B00E4AA01 /* SF-Pro-Display-Black.otf in Resources */ = {isa = PBXBuildFile; fileRef = 6226909028D5896B00E4AA01 /* SF-Pro-Display-Black.otf */; };
		622690AC28D5896B00E4AA01 /* SF-Pro-Display-ThinItalic.otf in Resources */ = {isa = PBXBuildFile; fileRef = 6226909128D5896B00E4AA01 /* SF-Pro-Display-ThinItalic.otf */; };
		622690AD28D5896B00E4AA01 /* SF-Pro-Display-BoldItalic.otf in Resources */ = {isa = PBXBuildFile; fileRef = 6226909228D5896B00E4AA01 /* SF-Pro-Display-BoldItalic.otf */; };
		622690B828D589E600E4AA01 /* Outfit-Bold.ttf in Resources */ = {isa = PBXBuildFile; fileRef = 622690AF28D589E600E4AA01 /* Outfit-Bold.ttf */; };
		622690B928D589E600E4AA01 /* Outfit-Regular.ttf in Resources */ = {isa = PBXBuildFile; fileRef = 622690B028D589E600E4AA01 /* Outfit-Regular.ttf */; };
		622690BA28D589E600E4AA01 /* Outfit-Black.ttf in Resources */ = {isa = PBXBuildFile; fileRef = 622690B128D589E600E4AA01 /* Outfit-Black.ttf */; };
		622690BB28D589E600E4AA01 /* Outfit-Thin.ttf in Resources */ = {isa = PBXBuildFile; fileRef = 622690B228D589E600E4AA01 /* Outfit-Thin.ttf */; };
		622690BC28D589E600E4AA01 /* Outfit-SemiBold.ttf in Resources */ = {isa = PBXBuildFile; fileRef = 622690B328D589E600E4AA01 /* Outfit-SemiBold.ttf */; };
		622690BD28D589E600E4AA01 /* Outfit-ExtraLight.ttf in Resources */ = {isa = PBXBuildFile; fileRef = 622690B428D589E600E4AA01 /* Outfit-ExtraLight.ttf */; };
		622690BE28D589E600E4AA01 /* Outfit-ExtraBold.ttf in Resources */ = {isa = PBXBuildFile; fileRef = 622690B528D589E600E4AA01 /* Outfit-ExtraBold.ttf */; };
		622690BF28D589E600E4AA01 /* Outfit-Medium.ttf in Resources */ = {isa = PBXBuildFile; fileRef = 622690B628D589E600E4AA01 /* Outfit-Medium.ttf */; };
		622690C028D589E600E4AA01 /* Outfit-Light.ttf in Resources */ = {isa = PBXBuildFile; fileRef = 622690B728D589E600E4AA01 /* Outfit-Light.ttf */; };
		622690C728D58DF400E4AA01 /* MessageBarViewModel.swift in Sources */ = {isa = PBXBuildFile; fileRef = 622690C628D58DF400E4AA01 /* MessageBarViewModel.swift */; };
		622690CD28D59DFE00E4AA01 /* PlusMenuViewController.swift in Sources */ = {isa = PBXBuildFile; fileRef = 622690CC28D59DFE00E4AA01 /* PlusMenuViewController.swift */; };
		622697EE290E9E05007754CA /* UIImageView_Extension.swift in Sources */ = {isa = PBXBuildFile; fileRef = 622697ED290E9E05007754CA /* UIImageView_Extension.swift */; };
		622697F1290E9FC2007754CA /* SuccessFailCountView.swift in Sources */ = {isa = PBXBuildFile; fileRef = 622697F0290E9FC2007754CA /* SuccessFailCountView.swift */; };
		622697F3290EA00A007754CA /* DigitalNumber.swift in Sources */ = {isa = PBXBuildFile; fileRef = 622697F2290EA00A007754CA /* DigitalNumber.swift */; };
		622697F6290EC7F1007754CA /* TileViewModel.swift in Sources */ = {isa = PBXBuildFile; fileRef = 622697F5290EC7F1007754CA /* TileViewModel.swift */; };
		622697F8290EC804007754CA /* GoalCircleViewModel.swift in Sources */ = {isa = PBXBuildFile; fileRef = 622697F7290EC804007754CA /* GoalCircleViewModel.swift */; };
		622697FA290EC894007754CA /* GoalAnalysisViewModel.swift in Sources */ = {isa = PBXBuildFile; fileRef = 622697F9290EC894007754CA /* GoalAnalysisViewModel.swift */; };
		622F135228DCAD2A0072E5BF /* CalendarViewController.swift in Sources */ = {isa = PBXBuildFile; fileRef = 622F135128DCAD2A0072E5BF /* CalendarViewController.swift */; };
		622F135528DCAD390072E5BF /* SettingsViewController.swift in Sources */ = {isa = PBXBuildFile; fileRef = 622F135428DCAD390072E5BF /* SettingsViewController.swift */; };
		624453E828FD3D0F003A9117 /* PeriodSettingViewModel.swift in Sources */ = {isa = PBXBuildFile; fileRef = 624453E728FD3D0F003A9117 /* PeriodSettingViewModel.swift */; };
		6248936028FC154A004580CB /* SwitchController.swift in Sources */ = {isa = PBXBuildFile; fileRef = 6248935F28FC154A004580CB /* SwitchController.swift */; };
		624E91E728FD6EC400E15735 /* PeriodSettingModel.swift in Sources */ = {isa = PBXBuildFile; fileRef = 624E91E628FD6EC400E15735 /* PeriodSettingModel.swift */; };
		62B5723928CEE6A000015354 /* AppDelegate.swift in Sources */ = {isa = PBXBuildFile; fileRef = 62B5723828CEE6A000015354 /* AppDelegate.swift */; };
		62B5723B28CEE6A000015354 /* SceneDelegate.swift in Sources */ = {isa = PBXBuildFile; fileRef = 62B5723A28CEE6A000015354 /* SceneDelegate.swift */; };
		62B5724228CEE6A100015354 /* Assets.xcassets in Resources */ = {isa = PBXBuildFile; fileRef = 62B5724128CEE6A100015354 /* Assets.xcassets */; };
		62B5724528CEE6A100015354 /* LaunchScreen.storyboard in Resources */ = {isa = PBXBuildFile; fileRef = 62B5724328CEE6A100015354 /* LaunchScreen.storyboard */; };
		62B5725028CEE6A100015354 /* GoalTracker2Tests.swift in Sources */ = {isa = PBXBuildFile; fileRef = 62B5724F28CEE6A100015354 /* GoalTracker2Tests.swift */; };
		62B5725A28CEE6A100015354 /* GoalTracker2UITests.swift in Sources */ = {isa = PBXBuildFile; fileRef = 62B5725928CEE6A100015354 /* GoalTracker2UITests.swift */; };
		62B5725C28CEE6A100015354 /* GoalTracker2UITestsLaunchTests.swift in Sources */ = {isa = PBXBuildFile; fileRef = 62B5725B28CEE6A100015354 /* GoalTracker2UITestsLaunchTests.swift */; };
		62B5726928CEE84000015354 /* HomeViewController.swift in Sources */ = {isa = PBXBuildFile; fileRef = 62B5726828CEE84000015354 /* HomeViewController.swift */; };
		62B5726C28CEE88500015354 /* UIColor_Extensions.swift in Sources */ = {isa = PBXBuildFile; fileRef = 62B5726B28CEE88500015354 /* UIColor_Extensions.swift */; };
		62B882BA28FACF1000FF4FBC /* AddGoalDatePickerRowView.swift in Sources */ = {isa = PBXBuildFile; fileRef = 62B882B928FACF1000FF4FBC /* AddGoalDatePickerRowView.swift */; };
		62CA185D292FCE9F006F046D /* MonthsMenuCollectionView.swift in Sources */ = {isa = PBXBuildFile; fileRef = 62CA185C292FCE9F006F046D /* MonthsMenuCollectionView.swift */; };
		62CA185F292FCEB3006F046D /* TileProgressCell.swift in Sources */ = {isa = PBXBuildFile; fileRef = 62CA185E292FCEB3006F046D /* TileProgressCell.swift */; };
		62CA18612930A864006F046D /* MonthsMenuCell.swift in Sources */ = {isa = PBXBuildFile; fileRef = 62CA18602930A864006F046D /* MonthsMenuCell.swift */; };
		62CA186329311623006F046D /* GoalMonthlyCell.swift in Sources */ = {isa = PBXBuildFile; fileRef = 62CA186229311623006F046D /* GoalMonthlyCell.swift */; };
		62CA1865293215A1006F046D /* CalendarViewModel.swift in Sources */ = {isa = PBXBuildFile; fileRef = 62CA1864293215A1006F046D /* CalendarViewModel.swift */; };
		62CA1867293270AD006F046D /* YearSelectViewController.swift in Sources */ = {isa = PBXBuildFile; fileRef = 62CA1866293270AD006F046D /* YearSelectViewController.swift */; };
		62CA1869293283CA006F046D /* GoalMonthlyTileCell.swift in Sources */ = {isa = PBXBuildFile; fileRef = 62CA1868293283CA006F046D /* GoalMonthlyTileCell.swift */; };
		62CE1ED728D6F62C00F08EF0 /* AddGoalViewController.swift in Sources */ = {isa = PBXBuildFile; fileRef = 62CE1ED628D6F62C00F08EF0 /* AddGoalViewController.swift */; };
		62D5D2AE28FDF81E003E222F /* UIPicker + Rx.swift in Sources */ = {isa = PBXBuildFile; fileRef = 62D5D2AD28FDF81E003E222F /* UIPicker + Rx.swift */; };
		AA9990CF28D1A1C800FE4A26 /* NeumorphicView.swift in Sources */ = {isa = PBXBuildFile; fileRef = AA9990CE28D1A1C800FE4A26 /* NeumorphicView.swift */; };
		AAAFB8A328D2E572002CE265 /* NeumorphicButton.swift in Sources */ = {isa = PBXBuildFile; fileRef = AAAFB8A228D2E572002CE265 /* NeumorphicButton.swift */; };
		F684813D80B4962657465F9A /* Pods_GoalTracker2Tests.framework in Frameworks */ = {isa = PBXBuildFile; fileRef = D255B2A165BE8163F24C05BB /* Pods_GoalTracker2Tests.framework */; };
/* End PBXBuildFile section */

/* Begin PBXContainerItemProxy section */
		62B5724C28CEE6A100015354 /* PBXContainerItemProxy */ = {
			isa = PBXContainerItemProxy;
			containerPortal = 62B5722D28CEE6A000015354 /* Project object */;
			proxyType = 1;
			remoteGlobalIDString = 62B5723428CEE6A000015354;
			remoteInfo = GoalTracker2;
		};
		62B5725628CEE6A100015354 /* PBXContainerItemProxy */ = {
			isa = PBXContainerItemProxy;
			containerPortal = 62B5722D28CEE6A000015354 /* Project object */;
			proxyType = 1;
			remoteGlobalIDString = 62B5723428CEE6A000015354;
			remoteInfo = GoalTracker2;
		};
/* End PBXContainerItemProxy section */

/* Begin PBXFileReference section */
		0948CCDFED13891E6FD9E00F /* Pods-GoalTracker2Tests.debug.xcconfig */ = {isa = PBXFileReference; includeInIndex = 1; lastKnownFileType = text.xcconfig; name = "Pods-GoalTracker2Tests.debug.xcconfig"; path = "Target Support Files/Pods-GoalTracker2Tests/Pods-GoalTracker2Tests.debug.xcconfig"; sourceTree = "<group>"; };
		0B1B21EABD8BA56813343784 /* Pods_GoalTracker2.framework */ = {isa = PBXFileReference; explicitFileType = wrapper.framework; includeInIndex = 0; path = Pods_GoalTracker2.framework; sourceTree = BUILT_PRODUCTS_DIR; };
		1D7F12845C4B9F031CBE5F31 /* Pods_GoalTracker2_GoalTracker2UITests.framework */ = {isa = PBXFileReference; explicitFileType = wrapper.framework; includeInIndex = 0; path = Pods_GoalTracker2_GoalTracker2UITests.framework; sourceTree = BUILT_PRODUCTS_DIR; };
		620A7C5F291D19BB0091177E /* UILabel_Extension.swift */ = {isa = PBXFileReference; lastKnownFileType = sourcecode.swift; path = UILabel_Extension.swift; sourceTree = "<group>"; };
		621AEAC428CEF58800D53F2C /* UIFont_Extension.swift */ = {isa = PBXFileReference; fileEncoding = 4; lastKnownFileType = sourcecode.swift; path = UIFont_Extension.swift; sourceTree = "<group>"; };
		621AEAC728CEF5A300D53F2C /* Numeric_Extension.swift */ = {isa = PBXFileReference; fileEncoding = 4; lastKnownFileType = sourcecode.swift; path = Numeric_Extension.swift; sourceTree = "<group>"; };
		621AEACB28CEF64C00D53F2C /* Entities.swift */ = {isa = PBXFileReference; fileEncoding = 4; lastKnownFileType = sourcecode.swift; path = Entities.swift; sourceTree = "<group>"; };
		621AEACD28CEF66A00D53F2C /* Date_Extension.swift */ = {isa = PBXFileReference; fileEncoding = 4; lastKnownFileType = sourcecode.swift; path = Date_Extension.swift; sourceTree = "<group>"; };
		621AEAD328CEF71700D53F2C /* GoalManager.swift */ = {isa = PBXFileReference; fileEncoding = 4; lastKnownFileType = sourcecode.swift; path = GoalManager.swift; sourceTree = "<group>"; };
		621AEAD528CEF71D00D53F2C /* MainViewModel.swift */ = {isa = PBXFileReference; fileEncoding = 4; lastKnownFileType = sourcecode.swift; path = MainViewModel.swift; sourceTree = "<group>"; };
		621AEADC28CEF74300D53F2C /* TileCell.swift */ = {isa = PBXFileReference; fileEncoding = 4; lastKnownFileType = sourcecode.swift; path = TileCell.swift; sourceTree = "<group>"; };
		621AEADD28CEF74300D53F2C /* TileBoardCollectionView.swift */ = {isa = PBXFileReference; fileEncoding = 4; lastKnownFileType = sourcecode.swift; path = TileBoardCollectionView.swift; sourceTree = "<group>"; };
		621AEADF28CEF74300D53F2C /* GoalCircleCell.swift */ = {isa = PBXFileReference; fileEncoding = 4; lastKnownFileType = sourcecode.swift; path = GoalCircleCell.swift; sourceTree = "<group>"; };
		621AEAE128CEF74300D53F2C /* TrebleFigurePannel.swift */ = {isa = PBXFileReference; fileEncoding = 4; lastKnownFileType = sourcecode.swift; path = TrebleFigurePannel.swift; sourceTree = "<group>"; };
		621AEAE228CEF74300D53F2C /* ArcProcessBar.swift */ = {isa = PBXFileReference; fileEncoding = 4; lastKnownFileType = sourcecode.swift; path = ArcProcessBar.swift; sourceTree = "<group>"; };
		621AEAE328CEF74300D53F2C /* GoalCircle.swift */ = {isa = PBXFileReference; fileEncoding = 4; lastKnownFileType = sourcecode.swift; path = GoalCircle.swift; sourceTree = "<group>"; };
		621AEAE528CEF74300D53F2C /* GTAlertViewController.swift */ = {isa = PBXFileReference; fileEncoding = 4; lastKnownFileType = sourcecode.swift; path = GTAlertViewController.swift; sourceTree = "<group>"; };
		621AEAE828CEF74300D53F2C /* VerticalPageIndicator.swift */ = {isa = PBXFileReference; fileEncoding = 4; lastKnownFileType = sourcecode.swift; path = VerticalPageIndicator.swift; sourceTree = "<group>"; };
		621AEAE928CEF74300D53F2C /* MainDimView.swift */ = {isa = PBXFileReference; fileEncoding = 4; lastKnownFileType = sourcecode.swift; path = MainDimView.swift; sourceTree = "<group>"; };
		621AEAEA28CEF74300D53F2C /* MessageBar.swift */ = {isa = PBXFileReference; fileEncoding = 4; lastKnownFileType = sourcecode.swift; path = MessageBar.swift; sourceTree = "<group>"; };
		621AEAEC28CEF74300D53F2C /* CircularCollectionView.swift */ = {isa = PBXFileReference; fileEncoding = 4; lastKnownFileType = sourcecode.swift; path = CircularCollectionView.swift; sourceTree = "<group>"; };
		621AEAED28CEF74300D53F2C /* CollectionViewCircularLayout.swift */ = {isa = PBXFileReference; fileEncoding = 4; lastKnownFileType = sourcecode.swift; path = CollectionViewCircularLayout.swift; sourceTree = "<group>"; };
		621AEAFD28CEF74D00D53F2C /* PresentationController.swift */ = {isa = PBXFileReference; fileEncoding = 4; lastKnownFileType = sourcecode.swift; path = PresentationController.swift; sourceTree = "<group>"; };
		621AEAFF28CEF81C00D53F2C /* Constants.swift */ = {isa = PBXFileReference; fileEncoding = 4; lastKnownFileType = sourcecode.swift; path = Constants.swift; sourceTree = "<group>"; };
		621AEB0128CF056400D53F2C /* AddGoalViewModel11.swift */ = {isa = PBXFileReference; fileEncoding = 4; lastKnownFileType = sourcecode.swift; path = AddGoalViewModel11.swift; sourceTree = "<group>"; };
		621AEB0228CF056400D53F2C /* AddGoalViewController11.swift */ = {isa = PBXFileReference; fileEncoding = 4; lastKnownFileType = sourcecode.swift; path = AddGoalViewController11.swift; sourceTree = "<group>"; };
		621AEB0528CF058B00D53F2C /* UIView_Extension.swift */ = {isa = PBXFileReference; fileEncoding = 4; lastKnownFileType = sourcecode.swift; path = UIView_Extension.swift; sourceTree = "<group>"; };
		621AEB0728CF05A000D53F2C /* UIButton_Extension.swift */ = {isa = PBXFileReference; fileEncoding = 4; lastKnownFileType = sourcecode.swift; path = UIButton_Extension.swift; sourceTree = "<group>"; };
		621AEB0928CF089400D53F2C /* HomeViewModel.swift */ = {isa = PBXFileReference; lastKnownFileType = sourcecode.swift; path = HomeViewModel.swift; sourceTree = "<group>"; };
		621FEA96291A687A00AC6DDC /* FlapScoreView.swift */ = {isa = PBXFileReference; lastKnownFileType = sourcecode.swift; path = FlapScoreView.swift; sourceTree = "<group>"; };
		6226907728D5896A00E4AA01 /* NotoSans-Regular.ttf */ = {isa = PBXFileReference; lastKnownFileType = file; path = "NotoSans-Regular.ttf"; sourceTree = "<group>"; };
		6226907828D5896A00E4AA01 /* NotoSans-Medium.ttf */ = {isa = PBXFileReference; lastKnownFileType = file; path = "NotoSans-Medium.ttf"; sourceTree = "<group>"; };
		6226907928D5896A00E4AA01 /* NotoSans-Black.ttf */ = {isa = PBXFileReference; lastKnownFileType = file; path = "NotoSans-Black.ttf"; sourceTree = "<group>"; };
		6226907A28D5896A00E4AA01 /* NotoSans-Bold.ttf */ = {isa = PBXFileReference; lastKnownFileType = file; path = "NotoSans-Bold.ttf"; sourceTree = "<group>"; };
		6226907B28D5896A00E4AA01 /* NotoSans-Thin.ttf */ = {isa = PBXFileReference; lastKnownFileType = file; path = "NotoSans-Thin.ttf"; sourceTree = "<group>"; };
		6226907C28D5896A00E4AA01 /* NotoSans-SemiBold.ttf */ = {isa = PBXFileReference; lastKnownFileType = file; path = "NotoSans-SemiBold.ttf"; sourceTree = "<group>"; };
		6226907D28D5896A00E4AA01 /* NotoSans-Light.ttf */ = {isa = PBXFileReference; lastKnownFileType = file; path = "NotoSans-Light.ttf"; sourceTree = "<group>"; };
		6226907E28D5896A00E4AA01 /* NotoSans-ExtraLight.ttf */ = {isa = PBXFileReference; lastKnownFileType = file; path = "NotoSans-ExtraLight.ttf"; sourceTree = "<group>"; };
		6226907F28D5896A00E4AA01 /* NotoSans-ExtraBold.ttf */ = {isa = PBXFileReference; lastKnownFileType = file; path = "NotoSans-ExtraBold.ttf"; sourceTree = "<group>"; };
		6226908128D5896B00E4AA01 /* SF-Pro-Display-Thin.otf */ = {isa = PBXFileReference; lastKnownFileType = file; path = "SF-Pro-Display-Thin.otf"; sourceTree = "<group>"; };
		6226908228D5896B00E4AA01 /* SF-Pro-Display-SemiboldItalic.otf */ = {isa = PBXFileReference; lastKnownFileType = file; path = "SF-Pro-Display-SemiboldItalic.otf"; sourceTree = "<group>"; };
		6226908328D5896B00E4AA01 /* SF-Pro-Display-RegularItalic.otf */ = {isa = PBXFileReference; lastKnownFileType = file; path = "SF-Pro-Display-RegularItalic.otf"; sourceTree = "<group>"; };
		6226908428D5896B00E4AA01 /* SF-Pro-Display-Light.otf */ = {isa = PBXFileReference; lastKnownFileType = file; path = "SF-Pro-Display-Light.otf"; sourceTree = "<group>"; };
		6226908528D5896B00E4AA01 /* SF-Pro-Display-Regular.otf */ = {isa = PBXFileReference; lastKnownFileType = file; path = "SF-Pro-Display-Regular.otf"; sourceTree = "<group>"; };
		6226908628D5896B00E4AA01 /* SF-Pro-Display-Bold.otf */ = {isa = PBXFileReference; lastKnownFileType = file; path = "SF-Pro-Display-Bold.otf"; sourceTree = "<group>"; };
		6226908728D5896B00E4AA01 /* SF-Pro-Display-Medium.otf */ = {isa = PBXFileReference; lastKnownFileType = file; path = "SF-Pro-Display-Medium.otf"; sourceTree = "<group>"; };
		6226908828D5896B00E4AA01 /* SF-Pro-Display-Heavy.otf */ = {isa = PBXFileReference; lastKnownFileType = file; path = "SF-Pro-Display-Heavy.otf"; sourceTree = "<group>"; };
		6226908928D5896B00E4AA01 /* SF-Pro-Display-Semibold.otf */ = {isa = PBXFileReference; lastKnownFileType = file; path = "SF-Pro-Display-Semibold.otf"; sourceTree = "<group>"; };
		6226908A28D5896B00E4AA01 /* SF-Pro-Display-MediumItalic.otf */ = {isa = PBXFileReference; lastKnownFileType = file; path = "SF-Pro-Display-MediumItalic.otf"; sourceTree = "<group>"; };
		6226908B28D5896B00E4AA01 /* SF-Pro-Display-HeavyItalic.otf */ = {isa = PBXFileReference; lastKnownFileType = file; path = "SF-Pro-Display-HeavyItalic.otf"; sourceTree = "<group>"; };
		6226908C28D5896B00E4AA01 /* SF-Pro-Display-Ultralight.otf */ = {isa = PBXFileReference; lastKnownFileType = file; path = "SF-Pro-Display-Ultralight.otf"; sourceTree = "<group>"; };
		6226908D28D5896B00E4AA01 /* SF-Pro-Display-UltralightItalic.otf */ = {isa = PBXFileReference; lastKnownFileType = file; path = "SF-Pro-Display-UltralightItalic.otf"; sourceTree = "<group>"; };
		6226908E28D5896B00E4AA01 /* SF-Pro-Display-LightItalic.otf */ = {isa = PBXFileReference; lastKnownFileType = file; path = "SF-Pro-Display-LightItalic.otf"; sourceTree = "<group>"; };
		6226908F28D5896B00E4AA01 /* SF-Pro-Display-BlackItalic.otf */ = {isa = PBXFileReference; lastKnownFileType = file; path = "SF-Pro-Display-BlackItalic.otf"; sourceTree = "<group>"; };
		6226909028D5896B00E4AA01 /* SF-Pro-Display-Black.otf */ = {isa = PBXFileReference; lastKnownFileType = file; path = "SF-Pro-Display-Black.otf"; sourceTree = "<group>"; };
		6226909128D5896B00E4AA01 /* SF-Pro-Display-ThinItalic.otf */ = {isa = PBXFileReference; lastKnownFileType = file; path = "SF-Pro-Display-ThinItalic.otf"; sourceTree = "<group>"; };
		6226909228D5896B00E4AA01 /* SF-Pro-Display-BoldItalic.otf */ = {isa = PBXFileReference; lastKnownFileType = file; path = "SF-Pro-Display-BoldItalic.otf"; sourceTree = "<group>"; };
		622690AF28D589E600E4AA01 /* Outfit-Bold.ttf */ = {isa = PBXFileReference; lastKnownFileType = file; path = "Outfit-Bold.ttf"; sourceTree = "<group>"; };
		622690B028D589E600E4AA01 /* Outfit-Regular.ttf */ = {isa = PBXFileReference; lastKnownFileType = file; path = "Outfit-Regular.ttf"; sourceTree = "<group>"; };
		622690B128D589E600E4AA01 /* Outfit-Black.ttf */ = {isa = PBXFileReference; lastKnownFileType = file; path = "Outfit-Black.ttf"; sourceTree = "<group>"; };
		622690B228D589E600E4AA01 /* Outfit-Thin.ttf */ = {isa = PBXFileReference; lastKnownFileType = file; path = "Outfit-Thin.ttf"; sourceTree = "<group>"; };
		622690B328D589E600E4AA01 /* Outfit-SemiBold.ttf */ = {isa = PBXFileReference; lastKnownFileType = file; path = "Outfit-SemiBold.ttf"; sourceTree = "<group>"; };
		622690B428D589E600E4AA01 /* Outfit-ExtraLight.ttf */ = {isa = PBXFileReference; lastKnownFileType = file; path = "Outfit-ExtraLight.ttf"; sourceTree = "<group>"; };
		622690B528D589E600E4AA01 /* Outfit-ExtraBold.ttf */ = {isa = PBXFileReference; lastKnownFileType = file; path = "Outfit-ExtraBold.ttf"; sourceTree = "<group>"; };
		622690B628D589E600E4AA01 /* Outfit-Medium.ttf */ = {isa = PBXFileReference; lastKnownFileType = file; path = "Outfit-Medium.ttf"; sourceTree = "<group>"; };
		622690B728D589E600E4AA01 /* Outfit-Light.ttf */ = {isa = PBXFileReference; lastKnownFileType = file; path = "Outfit-Light.ttf"; sourceTree = "<group>"; };
		622690C628D58DF400E4AA01 /* MessageBarViewModel.swift */ = {isa = PBXFileReference; lastKnownFileType = sourcecode.swift; path = MessageBarViewModel.swift; sourceTree = "<group>"; };
		622690CC28D59DFE00E4AA01 /* PlusMenuViewController.swift */ = {isa = PBXFileReference; lastKnownFileType = sourcecode.swift; path = PlusMenuViewController.swift; sourceTree = "<group>"; };
		622697ED290E9E05007754CA /* UIImageView_Extension.swift */ = {isa = PBXFileReference; lastKnownFileType = sourcecode.swift; path = UIImageView_Extension.swift; sourceTree = "<group>"; };
		622697F0290E9FC2007754CA /* SuccessFailCountView.swift */ = {isa = PBXFileReference; lastKnownFileType = sourcecode.swift; path = SuccessFailCountView.swift; sourceTree = "<group>"; };
		622697F2290EA00A007754CA /* DigitalNumber.swift */ = {isa = PBXFileReference; lastKnownFileType = sourcecode.swift; path = DigitalNumber.swift; sourceTree = "<group>"; };
		622697F5290EC7F1007754CA /* TileViewModel.swift */ = {isa = PBXFileReference; lastKnownFileType = sourcecode.swift; path = TileViewModel.swift; sourceTree = "<group>"; };
		622697F7290EC804007754CA /* GoalCircleViewModel.swift */ = {isa = PBXFileReference; lastKnownFileType = sourcecode.swift; path = GoalCircleViewModel.swift; sourceTree = "<group>"; };
		622697F9290EC894007754CA /* GoalAnalysisViewModel.swift */ = {isa = PBXFileReference; lastKnownFileType = sourcecode.swift; path = GoalAnalysisViewModel.swift; sourceTree = "<group>"; };
		622F135128DCAD2A0072E5BF /* CalendarViewController.swift */ = {isa = PBXFileReference; lastKnownFileType = sourcecode.swift; path = CalendarViewController.swift; sourceTree = "<group>"; };
		622F135428DCAD390072E5BF /* SettingsViewController.swift */ = {isa = PBXFileReference; lastKnownFileType = sourcecode.swift; path = SettingsViewController.swift; sourceTree = "<group>"; };
		624453E728FD3D0F003A9117 /* PeriodSettingViewModel.swift */ = {isa = PBXFileReference; lastKnownFileType = sourcecode.swift; path = PeriodSettingViewModel.swift; sourceTree = "<group>"; };
		6248935F28FC154A004580CB /* SwitchController.swift */ = {isa = PBXFileReference; lastKnownFileType = sourcecode.swift; path = SwitchController.swift; sourceTree = "<group>"; };
		624E91E628FD6EC400E15735 /* PeriodSettingModel.swift */ = {isa = PBXFileReference; lastKnownFileType = sourcecode.swift; path = PeriodSettingModel.swift; sourceTree = "<group>"; };
		62B5723528CEE6A000015354 /* GoalTracker2.app */ = {isa = PBXFileReference; explicitFileType = wrapper.application; includeInIndex = 0; path = GoalTracker2.app; sourceTree = BUILT_PRODUCTS_DIR; };
		62B5723828CEE6A000015354 /* AppDelegate.swift */ = {isa = PBXFileReference; lastKnownFileType = sourcecode.swift; path = AppDelegate.swift; sourceTree = "<group>"; };
		62B5723A28CEE6A000015354 /* SceneDelegate.swift */ = {isa = PBXFileReference; lastKnownFileType = sourcecode.swift; path = SceneDelegate.swift; sourceTree = "<group>"; };
		62B5724128CEE6A100015354 /* Assets.xcassets */ = {isa = PBXFileReference; lastKnownFileType = folder.assetcatalog; path = Assets.xcassets; sourceTree = "<group>"; };
		62B5724428CEE6A100015354 /* Base */ = {isa = PBXFileReference; lastKnownFileType = file.storyboard; name = Base; path = Base.lproj/LaunchScreen.storyboard; sourceTree = "<group>"; };
		62B5724628CEE6A100015354 /* Info.plist */ = {isa = PBXFileReference; lastKnownFileType = text.plist.xml; path = Info.plist; sourceTree = "<group>"; };
		62B5724B28CEE6A100015354 /* GoalTracker2Tests.xctest */ = {isa = PBXFileReference; explicitFileType = wrapper.cfbundle; includeInIndex = 0; path = GoalTracker2Tests.xctest; sourceTree = BUILT_PRODUCTS_DIR; };
		62B5724F28CEE6A100015354 /* GoalTracker2Tests.swift */ = {isa = PBXFileReference; lastKnownFileType = sourcecode.swift; path = GoalTracker2Tests.swift; sourceTree = "<group>"; };
		62B5725528CEE6A100015354 /* GoalTracker2UITests.xctest */ = {isa = PBXFileReference; explicitFileType = wrapper.cfbundle; includeInIndex = 0; path = GoalTracker2UITests.xctest; sourceTree = BUILT_PRODUCTS_DIR; };
		62B5725928CEE6A100015354 /* GoalTracker2UITests.swift */ = {isa = PBXFileReference; lastKnownFileType = sourcecode.swift; path = GoalTracker2UITests.swift; sourceTree = "<group>"; };
		62B5725B28CEE6A100015354 /* GoalTracker2UITestsLaunchTests.swift */ = {isa = PBXFileReference; lastKnownFileType = sourcecode.swift; path = GoalTracker2UITestsLaunchTests.swift; sourceTree = "<group>"; };
		62B5726828CEE84000015354 /* HomeViewController.swift */ = {isa = PBXFileReference; lastKnownFileType = sourcecode.swift; path = HomeViewController.swift; sourceTree = "<group>"; };
		62B5726B28CEE88500015354 /* UIColor_Extensions.swift */ = {isa = PBXFileReference; lastKnownFileType = sourcecode.swift; path = UIColor_Extensions.swift; sourceTree = "<group>"; };
		62B882B928FACF1000FF4FBC /* AddGoalDatePickerRowView.swift */ = {isa = PBXFileReference; lastKnownFileType = sourcecode.swift; path = AddGoalDatePickerRowView.swift; sourceTree = "<group>"; };
		62CA185C292FCE9F006F046D /* MonthsMenuCollectionView.swift */ = {isa = PBXFileReference; lastKnownFileType = sourcecode.swift; path = MonthsMenuCollectionView.swift; sourceTree = "<group>"; };
		62CA185E292FCEB3006F046D /* TileProgressCell.swift */ = {isa = PBXFileReference; lastKnownFileType = sourcecode.swift; path = TileProgressCell.swift; sourceTree = "<group>"; };
		62CA18602930A864006F046D /* MonthsMenuCell.swift */ = {isa = PBXFileReference; lastKnownFileType = sourcecode.swift; path = MonthsMenuCell.swift; sourceTree = "<group>"; };
		62CA186229311623006F046D /* GoalMonthlyCell.swift */ = {isa = PBXFileReference; lastKnownFileType = sourcecode.swift; path = GoalMonthlyCell.swift; sourceTree = "<group>"; };
		62CA1864293215A1006F046D /* CalendarViewModel.swift */ = {isa = PBXFileReference; lastKnownFileType = sourcecode.swift; path = CalendarViewModel.swift; sourceTree = "<group>"; };
		62CA1866293270AD006F046D /* YearSelectViewController.swift */ = {isa = PBXFileReference; lastKnownFileType = sourcecode.swift; path = YearSelectViewController.swift; sourceTree = "<group>"; };
		62CA1868293283CA006F046D /* GoalMonthlyTileCell.swift */ = {isa = PBXFileReference; lastKnownFileType = sourcecode.swift; path = GoalMonthlyTileCell.swift; sourceTree = "<group>"; };
		62CE1ED628D6F62C00F08EF0 /* AddGoalViewController.swift */ = {isa = PBXFileReference; lastKnownFileType = sourcecode.swift; path = AddGoalViewController.swift; sourceTree = "<group>"; };
		62D5D2AD28FDF81E003E222F /* UIPicker + Rx.swift */ = {isa = PBXFileReference; lastKnownFileType = sourcecode.swift; path = "UIPicker + Rx.swift"; sourceTree = "<group>"; };
		6E3403375D2E08953A642A97 /* Pods-GoalTracker2Tests.release.xcconfig */ = {isa = PBXFileReference; includeInIndex = 1; lastKnownFileType = text.xcconfig; name = "Pods-GoalTracker2Tests.release.xcconfig"; path = "Target Support Files/Pods-GoalTracker2Tests/Pods-GoalTracker2Tests.release.xcconfig"; sourceTree = "<group>"; };
		7DB549AED6B2F40D9115861A /* Pods-GoalTracker2-GoalTracker2UITests.release.xcconfig */ = {isa = PBXFileReference; includeInIndex = 1; lastKnownFileType = text.xcconfig; name = "Pods-GoalTracker2-GoalTracker2UITests.release.xcconfig"; path = "Target Support Files/Pods-GoalTracker2-GoalTracker2UITests/Pods-GoalTracker2-GoalTracker2UITests.release.xcconfig"; sourceTree = "<group>"; };
		9E3026A29071F2207AD91954 /* Pods-GoalTracker2-GoalTracker2UITests.debug.xcconfig */ = {isa = PBXFileReference; includeInIndex = 1; lastKnownFileType = text.xcconfig; name = "Pods-GoalTracker2-GoalTracker2UITests.debug.xcconfig"; path = "Target Support Files/Pods-GoalTracker2-GoalTracker2UITests/Pods-GoalTracker2-GoalTracker2UITests.debug.xcconfig"; sourceTree = "<group>"; };
		AA9990CE28D1A1C800FE4A26 /* NeumorphicView.swift */ = {isa = PBXFileReference; lastKnownFileType = sourcecode.swift; path = NeumorphicView.swift; sourceTree = "<group>"; };
		AAAFB8A228D2E572002CE265 /* NeumorphicButton.swift */ = {isa = PBXFileReference; lastKnownFileType = sourcecode.swift; path = NeumorphicButton.swift; sourceTree = "<group>"; };
		B7B8F1DED38C362E951735CD /* Pods-GoalTracker2.release.xcconfig */ = {isa = PBXFileReference; includeInIndex = 1; lastKnownFileType = text.xcconfig; name = "Pods-GoalTracker2.release.xcconfig"; path = "Target Support Files/Pods-GoalTracker2/Pods-GoalTracker2.release.xcconfig"; sourceTree = "<group>"; };
		D255B2A165BE8163F24C05BB /* Pods_GoalTracker2Tests.framework */ = {isa = PBXFileReference; explicitFileType = wrapper.framework; includeInIndex = 0; path = Pods_GoalTracker2Tests.framework; sourceTree = BUILT_PRODUCTS_DIR; };
		E670163473202DFB2DCAFB5B /* Pods-GoalTracker2.debug.xcconfig */ = {isa = PBXFileReference; includeInIndex = 1; lastKnownFileType = text.xcconfig; name = "Pods-GoalTracker2.debug.xcconfig"; path = "Target Support Files/Pods-GoalTracker2/Pods-GoalTracker2.debug.xcconfig"; sourceTree = "<group>"; };
/* End PBXFileReference section */

/* Begin PBXFrameworksBuildPhase section */
		62B5723228CEE6A000015354 /* Frameworks */ = {
			isa = PBXFrameworksBuildPhase;
			buildActionMask = 2147483647;
			files = (
				2A978355B5DA0EF882D565E1 /* Pods_GoalTracker2.framework in Frameworks */,
			);
			runOnlyForDeploymentPostprocessing = 0;
		};
		62B5724828CEE6A100015354 /* Frameworks */ = {
			isa = PBXFrameworksBuildPhase;
			buildActionMask = 2147483647;
			files = (
				F684813D80B4962657465F9A /* Pods_GoalTracker2Tests.framework in Frameworks */,
			);
			runOnlyForDeploymentPostprocessing = 0;
		};
		62B5725228CEE6A100015354 /* Frameworks */ = {
			isa = PBXFrameworksBuildPhase;
			buildActionMask = 2147483647;
			files = (
				4D48197F419328D96712A530 /* Pods_GoalTracker2_GoalTracker2UITests.framework in Frameworks */,
			);
			runOnlyForDeploymentPostprocessing = 0;
		};
/* End PBXFrameworksBuildPhase section */

/* Begin PBXGroup section */
		621AEACA28CEF5DE00D53F2C /* Home */ = {
			isa = PBXGroup;
			children = (
				62B5726828CEE84000015354 /* HomeViewController.swift */,
				622697F4290EC7D9007754CA /* ViewModel */,
				621AEAD528CEF71D00D53F2C /* MainViewModel.swift */,
				622690C128D58B1C00E4AA01 /* Components */,
			);
			path = Home;
			sourceTree = "<group>";
		};
		621AEAD928CEF73200D53F2C /* AddGoal */ = {
			isa = PBXGroup;
			children = (
				62CE1ED628D6F62C00F08EF0 /* AddGoalViewController.swift */,
				624453E728FD3D0F003A9117 /* PeriodSettingViewModel.swift */,
				624E91E628FD6EC400E15735 /* PeriodSettingModel.swift */,
				62CDA7CA28DD7AE400AFB61C /* Components */,
				62CE1ED528D6F62100F08EF0 /* Legacy */,
			);
			path = AddGoal;
			sourceTree = "<group>";
		};
		621AEADB28CEF74300D53F2C /* TileBoard */ = {
			isa = PBXGroup;
			children = (
				621AEADC28CEF74300D53F2C /* TileCell.swift */,
				621AEADD28CEF74300D53F2C /* TileBoardCollectionView.swift */,
			);
			path = TileBoard;
			sourceTree = "<group>";
		};
		621AEADE28CEF74300D53F2C /* HomeCircularGoalCell */ = {
			isa = PBXGroup;
			children = (
				621AEADF28CEF74300D53F2C /* GoalCircleCell.swift */,
				621AEADB28CEF74300D53F2C /* TileBoard */,
				622690C328D58B3C00E4AA01 /* GoalCircle */,
			);
			path = HomeCircularGoalCell;
			sourceTree = "<group>";
		};
		621AEAEB28CEF74300D53F2C /* CircularCollectionView */ = {
			isa = PBXGroup;
			children = (
				621AEAEC28CEF74300D53F2C /* CircularCollectionView.swift */,
				621AEAED28CEF74300D53F2C /* CollectionViewCircularLayout.swift */,
			);
			path = CircularCollectionView;
			sourceTree = "<group>";
		};
		621AEAFC28CEF74D00D53F2C /* CommonComponents */ = {
			isa = PBXGroup;
			children = (
				621AEAE528CEF74300D53F2C /* GTAlertViewController.swift */,
				621AEAE828CEF74300D53F2C /* VerticalPageIndicator.swift */,
				621AEAE928CEF74300D53F2C /* MainDimView.swift */,
				621AEAFD28CEF74D00D53F2C /* PresentationController.swift */,
				AA9990CE28D1A1C800FE4A26 /* NeumorphicView.swift */,
				AAAFB8A228D2E572002CE265 /* NeumorphicButton.swift */,
				6248935F28FC154A004580CB /* SwitchController.swift */,
			);
			path = CommonComponents;
			sourceTree = "<group>";
		};
		621FEA95291A686600AC6DDC /* FlapScoreView */ = {
			isa = PBXGroup;
			children = (
				621FEA96291A687A00AC6DDC /* FlapScoreView.swift */,
			);
			path = FlapScoreView;
			sourceTree = "<group>";
		};
		6226907528D5895900E4AA01 /* Fonts */ = {
			isa = PBXGroup;
			children = (
				622690AE28D589E600E4AA01 /* Outfit */,
				6226907628D5896A00E4AA01 /* Noto-Sans */,
				6226908028D5896B00E4AA01 /* SF-Pro-Display */,
			);
			path = Fonts;
			sourceTree = "<group>";
		};
		6226907628D5896A00E4AA01 /* Noto-Sans */ = {
			isa = PBXGroup;
			children = (
				6226907728D5896A00E4AA01 /* NotoSans-Regular.ttf */,
				6226907828D5896A00E4AA01 /* NotoSans-Medium.ttf */,
				6226907928D5896A00E4AA01 /* NotoSans-Black.ttf */,
				6226907A28D5896A00E4AA01 /* NotoSans-Bold.ttf */,
				6226907B28D5896A00E4AA01 /* NotoSans-Thin.ttf */,
				6226907C28D5896A00E4AA01 /* NotoSans-SemiBold.ttf */,
				6226907D28D5896A00E4AA01 /* NotoSans-Light.ttf */,
				6226907E28D5896A00E4AA01 /* NotoSans-ExtraLight.ttf */,
				6226907F28D5896A00E4AA01 /* NotoSans-ExtraBold.ttf */,
			);
			path = "Noto-Sans";
			sourceTree = "<group>";
		};
		6226908028D5896B00E4AA01 /* SF-Pro-Display */ = {
			isa = PBXGroup;
			children = (
				6226908128D5896B00E4AA01 /* SF-Pro-Display-Thin.otf */,
				6226908228D5896B00E4AA01 /* SF-Pro-Display-SemiboldItalic.otf */,
				6226908328D5896B00E4AA01 /* SF-Pro-Display-RegularItalic.otf */,
				6226908428D5896B00E4AA01 /* SF-Pro-Display-Light.otf */,
				6226908528D5896B00E4AA01 /* SF-Pro-Display-Regular.otf */,
				6226908628D5896B00E4AA01 /* SF-Pro-Display-Bold.otf */,
				6226908728D5896B00E4AA01 /* SF-Pro-Display-Medium.otf */,
				6226908828D5896B00E4AA01 /* SF-Pro-Display-Heavy.otf */,
				6226908928D5896B00E4AA01 /* SF-Pro-Display-Semibold.otf */,
				6226908A28D5896B00E4AA01 /* SF-Pro-Display-MediumItalic.otf */,
				6226908B28D5896B00E4AA01 /* SF-Pro-Display-HeavyItalic.otf */,
				6226908C28D5896B00E4AA01 /* SF-Pro-Display-Ultralight.otf */,
				6226908D28D5896B00E4AA01 /* SF-Pro-Display-UltralightItalic.otf */,
				6226908E28D5896B00E4AA01 /* SF-Pro-Display-LightItalic.otf */,
				6226908F28D5896B00E4AA01 /* SF-Pro-Display-BlackItalic.otf */,
				6226909028D5896B00E4AA01 /* SF-Pro-Display-Black.otf */,
				6226909128D5896B00E4AA01 /* SF-Pro-Display-ThinItalic.otf */,
				6226909228D5896B00E4AA01 /* SF-Pro-Display-BoldItalic.otf */,
			);
			path = "SF-Pro-Display";
			sourceTree = "<group>";
		};
		622690AE28D589E600E4AA01 /* Outfit */ = {
			isa = PBXGroup;
			children = (
				622690AF28D589E600E4AA01 /* Outfit-Bold.ttf */,
				622690B028D589E600E4AA01 /* Outfit-Regular.ttf */,
				622690B128D589E600E4AA01 /* Outfit-Black.ttf */,
				622690B228D589E600E4AA01 /* Outfit-Thin.ttf */,
				622690B328D589E600E4AA01 /* Outfit-SemiBold.ttf */,
				622690B428D589E600E4AA01 /* Outfit-ExtraLight.ttf */,
				622690B528D589E600E4AA01 /* Outfit-ExtraBold.ttf */,
				622690B628D589E600E4AA01 /* Outfit-Medium.ttf */,
				622690B728D589E600E4AA01 /* Outfit-Light.ttf */,
			);
			path = Outfit;
			sourceTree = "<group>";
		};
		622690C128D58B1C00E4AA01 /* Components */ = {
			isa = PBXGroup;
			children = (
				622690C428D58DD900E4AA01 /* MessageBar */,
				621AEAEB28CEF74300D53F2C /* CircularCollectionView */,
				621AEADE28CEF74300D53F2C /* HomeCircularGoalCell */,
			);
			path = Components;
			sourceTree = "<group>";
		};
		622690C328D58B3C00E4AA01 /* GoalCircle */ = {
			isa = PBXGroup;
			children = (
				621AEAE328CEF74300D53F2C /* GoalCircle.swift */,
				621AEAE228CEF74300D53F2C /* ArcProcessBar.swift */,
				621FEA95291A686600AC6DDC /* FlapScoreView */,
				622697EF290E9FA1007754CA /* SuccessFailCountView */,
			);
			path = GoalCircle;
			sourceTree = "<group>";
		};
		622690C428D58DD900E4AA01 /* MessageBar */ = {
			isa = PBXGroup;
			children = (
				621AEAEA28CEF74300D53F2C /* MessageBar.swift */,
				622690C628D58DF400E4AA01 /* MessageBarViewModel.swift */,
			);
			path = MessageBar;
			sourceTree = "<group>";
		};
		622690CB28D59DAA00E4AA01 /* PlusButtonMenu */ = {
			isa = PBXGroup;
			children = (
				622690CC28D59DFE00E4AA01 /* PlusMenuViewController.swift */,
			);
			path = PlusButtonMenu;
			sourceTree = "<group>";
		};
		622697EF290E9FA1007754CA /* SuccessFailCountView */ = {
			isa = PBXGroup;
			children = (
				622697F0290E9FC2007754CA /* SuccessFailCountView.swift */,
				621AEAE128CEF74300D53F2C /* TrebleFigurePannel.swift */,
				622697F2290EA00A007754CA /* DigitalNumber.swift */,
			);
			path = SuccessFailCountView;
			sourceTree = "<group>";
		};
		622697F4290EC7D9007754CA /* ViewModel */ = {
			isa = PBXGroup;
			children = (
				621AEB0928CF089400D53F2C /* HomeViewModel.swift */,
				622697FB290EC89D007754CA /* GoalCircleCellViewModel */,
			);
			path = ViewModel;
			sourceTree = "<group>";
		};
		622697FB290EC89D007754CA /* GoalCircleCellViewModel */ = {
			isa = PBXGroup;
			children = (
				622697F7290EC804007754CA /* GoalCircleViewModel.swift */,
				622697F5290EC7F1007754CA /* TileViewModel.swift */,
				622697F9290EC894007754CA /* GoalAnalysisViewModel.swift */,
			);
			path = GoalCircleCellViewModel;
			sourceTree = "<group>";
		};
		62B5722C28CEE6A000015354 = {
			isa = PBXGroup;
			children = (
				62B5723728CEE6A000015354 /* GoalTracker2 */,
				62B5724E28CEE6A100015354 /* GoalTracker2Tests */,
				62B5725828CEE6A100015354 /* GoalTracker2UITests */,
				62B5723628CEE6A000015354 /* Products */,
				B19A3E8602A8E86CCC3EE47A /* Pods */,
				D9E7E7F071FA69555B4BF9D9 /* Frameworks */,
			);
			sourceTree = "<group>";
		};
		62B5723628CEE6A000015354 /* Products */ = {
			isa = PBXGroup;
			children = (
				62B5723528CEE6A000015354 /* GoalTracker2.app */,
				62B5724B28CEE6A100015354 /* GoalTracker2Tests.xctest */,
				62B5725528CEE6A100015354 /* GoalTracker2UITests.xctest */,
			);
			name = Products;
			sourceTree = "<group>";
		};
		62B5723728CEE6A000015354 /* GoalTracker2 */ = {
			isa = PBXGroup;
			children = (
				62B5723828CEE6A000015354 /* AppDelegate.swift */,
				62B5723A28CEE6A000015354 /* SceneDelegate.swift */,
				621AEACA28CEF5DE00D53F2C /* Home */,
				622690CB28D59DAA00E4AA01 /* PlusButtonMenu */,
				621AEAD928CEF73200D53F2C /* AddGoal */,
				AAB6BB8828D0035B00AC44E9 /* Calendar */,
				AAB6BB8928D0035E00AC44E9 /* Settings */,
				621AEACB28CEF64C00D53F2C /* Entities.swift */,
				621AEAD328CEF71700D53F2C /* GoalManager.swift */,
				621AEAFF28CEF81C00D53F2C /* Constants.swift */,
				621AEAFC28CEF74D00D53F2C /* CommonComponents */,
				62B5726A28CEE87A00015354 /* Extensions */,
				6226907528D5895900E4AA01 /* Fonts */,
				62B5724128CEE6A100015354 /* Assets.xcassets */,
				62B5724328CEE6A100015354 /* LaunchScreen.storyboard */,
				62B5724628CEE6A100015354 /* Info.plist */,
			);
			path = GoalTracker2;
			sourceTree = "<group>";
		};
		62B5724E28CEE6A100015354 /* GoalTracker2Tests */ = {
			isa = PBXGroup;
			children = (
				62B5724F28CEE6A100015354 /* GoalTracker2Tests.swift */,
			);
			path = GoalTracker2Tests;
			sourceTree = "<group>";
		};
		62B5725828CEE6A100015354 /* GoalTracker2UITests */ = {
			isa = PBXGroup;
			children = (
				62B5725928CEE6A100015354 /* GoalTracker2UITests.swift */,
				62B5725B28CEE6A100015354 /* GoalTracker2UITestsLaunchTests.swift */,
			);
			path = GoalTracker2UITests;
			sourceTree = "<group>";
		};
		62B5726A28CEE87A00015354 /* Extensions */ = {
			isa = PBXGroup;
			children = (
				621AEB0528CF058B00D53F2C /* UIView_Extension.swift */,
				621AEB0728CF05A000D53F2C /* UIButton_Extension.swift */,
				62B5726B28CEE88500015354 /* UIColor_Extensions.swift */,
				621AEAC428CEF58800D53F2C /* UIFont_Extension.swift */,
				621AEAC728CEF5A300D53F2C /* Numeric_Extension.swift */,
				621AEACD28CEF66A00D53F2C /* Date_Extension.swift */,
				62D5D2AD28FDF81E003E222F /* UIPicker + Rx.swift */,
				622697ED290E9E05007754CA /* UIImageView_Extension.swift */,
				620A7C5F291D19BB0091177E /* UILabel_Extension.swift */,
			);
			path = Extensions;
			sourceTree = "<group>";
		};
		62CA185B292FCE7A006F046D /* Cells */ = {
			isa = PBXGroup;
			children = (
				62CA185E292FCEB3006F046D /* TileProgressCell.swift */,
				62CA18602930A864006F046D /* MonthsMenuCell.swift */,
				62CA186229311623006F046D /* GoalMonthlyCell.swift */,
				62CA1868293283CA006F046D /* GoalMonthlyTileCell.swift */,
			);
			path = Cells;
			sourceTree = "<group>";
		};
		62CDA7CA28DD7AE400AFB61C /* Components */ = {
			isa = PBXGroup;
			children = (
				62B882B928FACF1000FF4FBC /* AddGoalDatePickerRowView.swift */,
			);
			path = Components;
			sourceTree = "<group>";
		};
		62CE1ED528D6F62100F08EF0 /* Legacy */ = {
			isa = PBXGroup;
			children = (
				621AEB0128CF056400D53F2C /* AddGoalViewModel11.swift */,
				621AEB0228CF056400D53F2C /* AddGoalViewController11.swift */,
			);
			path = Legacy;
			sourceTree = "<group>";
		};
		AAB6BB8828D0035B00AC44E9 /* Calendar */ = {
			isa = PBXGroup;
			children = (
				622F135128DCAD2A0072E5BF /* CalendarViewController.swift */,
				62CA1866293270AD006F046D /* YearSelectViewController.swift */,
				62CA1864293215A1006F046D /* CalendarViewModel.swift */,
				62CA185C292FCE9F006F046D /* MonthsMenuCollectionView.swift */,
				62CA185B292FCE7A006F046D /* Cells */,
			);
			path = Calendar;
			sourceTree = "<group>";
		};
		AAB6BB8928D0035E00AC44E9 /* Settings */ = {
			isa = PBXGroup;
			children = (
				622F135428DCAD390072E5BF /* SettingsViewController.swift */,
			);
			path = Settings;
			sourceTree = "<group>";
		};
		B19A3E8602A8E86CCC3EE47A /* Pods */ = {
			isa = PBXGroup;
			children = (
				E670163473202DFB2DCAFB5B /* Pods-GoalTracker2.debug.xcconfig */,
				B7B8F1DED38C362E951735CD /* Pods-GoalTracker2.release.xcconfig */,
				9E3026A29071F2207AD91954 /* Pods-GoalTracker2-GoalTracker2UITests.debug.xcconfig */,
				7DB549AED6B2F40D9115861A /* Pods-GoalTracker2-GoalTracker2UITests.release.xcconfig */,
				0948CCDFED13891E6FD9E00F /* Pods-GoalTracker2Tests.debug.xcconfig */,
				6E3403375D2E08953A642A97 /* Pods-GoalTracker2Tests.release.xcconfig */,
			);
			path = Pods;
			sourceTree = "<group>";
		};
		D9E7E7F071FA69555B4BF9D9 /* Frameworks */ = {
			isa = PBXGroup;
			children = (
				0B1B21EABD8BA56813343784 /* Pods_GoalTracker2.framework */,
				1D7F12845C4B9F031CBE5F31 /* Pods_GoalTracker2_GoalTracker2UITests.framework */,
				D255B2A165BE8163F24C05BB /* Pods_GoalTracker2Tests.framework */,
			);
			name = Frameworks;
			sourceTree = "<group>";
		};
/* End PBXGroup section */

/* Begin PBXNativeTarget section */
		62B5723428CEE6A000015354 /* GoalTracker2 */ = {
			isa = PBXNativeTarget;
			buildConfigurationList = 62B5725F28CEE6A100015354 /* Build configuration list for PBXNativeTarget "GoalTracker2" */;
			buildPhases = (
				0E6201E4DA509DFEC0929DA1 /* [CP] Check Pods Manifest.lock */,
				62B5723128CEE6A000015354 /* Sources */,
				62B5723228CEE6A000015354 /* Frameworks */,
				62B5723328CEE6A000015354 /* Resources */,
				5CF904DD1705C925BDF4B969 /* [CP] Embed Pods Frameworks */,
			);
			buildRules = (
			);
			dependencies = (
			);
			name = GoalTracker2;
			productName = GoalTracker2;
			productReference = 62B5723528CEE6A000015354 /* GoalTracker2.app */;
			productType = "com.apple.product-type.application";
		};
		62B5724A28CEE6A100015354 /* GoalTracker2Tests */ = {
			isa = PBXNativeTarget;
			buildConfigurationList = 62B5726228CEE6A100015354 /* Build configuration list for PBXNativeTarget "GoalTracker2Tests" */;
			buildPhases = (
				7C5F80706A8BC8FFC3A23389 /* [CP] Check Pods Manifest.lock */,
				62B5724728CEE6A100015354 /* Sources */,
				62B5724828CEE6A100015354 /* Frameworks */,
				62B5724928CEE6A100015354 /* Resources */,
			);
			buildRules = (
			);
			dependencies = (
				62B5724D28CEE6A100015354 /* PBXTargetDependency */,
			);
			name = GoalTracker2Tests;
			productName = GoalTracker2Tests;
			productReference = 62B5724B28CEE6A100015354 /* GoalTracker2Tests.xctest */;
			productType = "com.apple.product-type.bundle.unit-test";
		};
		62B5725428CEE6A100015354 /* GoalTracker2UITests */ = {
			isa = PBXNativeTarget;
			buildConfigurationList = 62B5726528CEE6A100015354 /* Build configuration list for PBXNativeTarget "GoalTracker2UITests" */;
			buildPhases = (
				C56B5FFA16E5A601A75C350E /* [CP] Check Pods Manifest.lock */,
				62B5725128CEE6A100015354 /* Sources */,
				62B5725228CEE6A100015354 /* Frameworks */,
				62B5725328CEE6A100015354 /* Resources */,
				1C12825826E426FD547183C8 /* [CP] Embed Pods Frameworks */,
			);
			buildRules = (
			);
			dependencies = (
				62B5725728CEE6A100015354 /* PBXTargetDependency */,
			);
			name = GoalTracker2UITests;
			productName = GoalTracker2UITests;
			productReference = 62B5725528CEE6A100015354 /* GoalTracker2UITests.xctest */;
			productType = "com.apple.product-type.bundle.ui-testing";
		};
/* End PBXNativeTarget section */

/* Begin PBXProject section */
		62B5722D28CEE6A000015354 /* Project object */ = {
			isa = PBXProject;
			attributes = {
				BuildIndependentTargetsInParallel = 1;
				LastSwiftUpdateCheck = 1340;
				LastUpgradeCheck = 1340;
				TargetAttributes = {
					62B5723428CEE6A000015354 = {
						CreatedOnToolsVersion = 13.4.1;
					};
					62B5724A28CEE6A100015354 = {
						CreatedOnToolsVersion = 13.4.1;
						TestTargetID = 62B5723428CEE6A000015354;
					};
					62B5725428CEE6A100015354 = {
						CreatedOnToolsVersion = 13.4.1;
						TestTargetID = 62B5723428CEE6A000015354;
					};
				};
			};
			buildConfigurationList = 62B5723028CEE6A000015354 /* Build configuration list for PBXProject "GoalTracker2" */;
			compatibilityVersion = "Xcode 13.0";
			developmentRegion = en;
			hasScannedForEncodings = 0;
			knownRegions = (
				en,
				Base,
			);
			mainGroup = 62B5722C28CEE6A000015354;
			productRefGroup = 62B5723628CEE6A000015354 /* Products */;
			projectDirPath = "";
			projectRoot = "";
			targets = (
				62B5723428CEE6A000015354 /* GoalTracker2 */,
				62B5724A28CEE6A100015354 /* GoalTracker2Tests */,
				62B5725428CEE6A100015354 /* GoalTracker2UITests */,
			);
		};
/* End PBXProject section */

/* Begin PBXResourcesBuildPhase section */
		62B5723328CEE6A000015354 /* Resources */ = {
			isa = PBXResourcesBuildPhase;
			buildActionMask = 2147483647;
			files = (
				6226909628D5896B00E4AA01 /* NotoSans-Bold.ttf in Resources */,
				622690A728D5896B00E4AA01 /* SF-Pro-Display-Ultralight.otf in Resources */,
				622690AD28D5896B00E4AA01 /* SF-Pro-Display-BoldItalic.otf in Resources */,
				622690AB28D5896B00E4AA01 /* SF-Pro-Display-Black.otf in Resources */,
				6226909F28D5896B00E4AA01 /* SF-Pro-Display-Light.otf in Resources */,
				6226909728D5896B00E4AA01 /* NotoSans-Thin.ttf in Resources */,
				622690BC28D589E600E4AA01 /* Outfit-SemiBold.ttf in Resources */,
				622690A328D5896B00E4AA01 /* SF-Pro-Display-Heavy.otf in Resources */,
				622690A528D5896B00E4AA01 /* SF-Pro-Display-MediumItalic.otf in Resources */,
				6226909E28D5896B00E4AA01 /* SF-Pro-Display-RegularItalic.otf in Resources */,
				622690C028D589E600E4AA01 /* Outfit-Light.ttf in Resources */,
				622690A928D5896B00E4AA01 /* SF-Pro-Display-LightItalic.otf in Resources */,
				622690BD28D589E600E4AA01 /* Outfit-ExtraLight.ttf in Resources */,
				6226909828D5896B00E4AA01 /* NotoSans-SemiBold.ttf in Resources */,
				6226909B28D5896B00E4AA01 /* NotoSans-ExtraBold.ttf in Resources */,
				622690B828D589E600E4AA01 /* Outfit-Bold.ttf in Resources */,
				622690A228D5896B00E4AA01 /* SF-Pro-Display-Medium.otf in Resources */,
				6226909D28D5896B00E4AA01 /* SF-Pro-Display-SemiboldItalic.otf in Resources */,
				6226909328D5896B00E4AA01 /* NotoSans-Regular.ttf in Resources */,
				622690AA28D5896B00E4AA01 /* SF-Pro-Display-BlackItalic.otf in Resources */,
				622690BA28D589E600E4AA01 /* Outfit-Black.ttf in Resources */,
				6226909528D5896B00E4AA01 /* NotoSans-Black.ttf in Resources */,
				6226909928D5896B00E4AA01 /* NotoSans-Light.ttf in Resources */,
				622690BF28D589E600E4AA01 /* Outfit-Medium.ttf in Resources */,
				622690A428D5896B00E4AA01 /* SF-Pro-Display-Semibold.otf in Resources */,
				622690BB28D589E600E4AA01 /* Outfit-Thin.ttf in Resources */,
				622690A828D5896B00E4AA01 /* SF-Pro-Display-UltralightItalic.otf in Resources */,
				622690A028D5896B00E4AA01 /* SF-Pro-Display-Regular.otf in Resources */,
				622690A628D5896B00E4AA01 /* SF-Pro-Display-HeavyItalic.otf in Resources */,
				62B5724528CEE6A100015354 /* LaunchScreen.storyboard in Resources */,
				6226909C28D5896B00E4AA01 /* SF-Pro-Display-Thin.otf in Resources */,
				6226909428D5896B00E4AA01 /* NotoSans-Medium.ttf in Resources */,
				622690AC28D5896B00E4AA01 /* SF-Pro-Display-ThinItalic.otf in Resources */,
				622690A128D5896B00E4AA01 /* SF-Pro-Display-Bold.otf in Resources */,
				62B5724228CEE6A100015354 /* Assets.xcassets in Resources */,
				622690BE28D589E600E4AA01 /* Outfit-ExtraBold.ttf in Resources */,
				6226909A28D5896B00E4AA01 /* NotoSans-ExtraLight.ttf in Resources */,
				622690B928D589E600E4AA01 /* Outfit-Regular.ttf in Resources */,
			);
			runOnlyForDeploymentPostprocessing = 0;
		};
		62B5724928CEE6A100015354 /* Resources */ = {
			isa = PBXResourcesBuildPhase;
			buildActionMask = 2147483647;
			files = (
			);
			runOnlyForDeploymentPostprocessing = 0;
		};
		62B5725328CEE6A100015354 /* Resources */ = {
			isa = PBXResourcesBuildPhase;
			buildActionMask = 2147483647;
			files = (
			);
			runOnlyForDeploymentPostprocessing = 0;
		};
/* End PBXResourcesBuildPhase section */

/* Begin PBXShellScriptBuildPhase section */
		0E6201E4DA509DFEC0929DA1 /* [CP] Check Pods Manifest.lock */ = {
			isa = PBXShellScriptBuildPhase;
			buildActionMask = 2147483647;
			files = (
			);
			inputFileListPaths = (
			);
			inputPaths = (
				"${PODS_PODFILE_DIR_PATH}/Podfile.lock",
				"${PODS_ROOT}/Manifest.lock",
			);
			name = "[CP] Check Pods Manifest.lock";
			outputFileListPaths = (
			);
			outputPaths = (
				"$(DERIVED_FILE_DIR)/Pods-GoalTracker2-checkManifestLockResult.txt",
			);
			runOnlyForDeploymentPostprocessing = 0;
			shellPath = /bin/sh;
			shellScript = "diff \"${PODS_PODFILE_DIR_PATH}/Podfile.lock\" \"${PODS_ROOT}/Manifest.lock\" > /dev/null\nif [ $? != 0 ] ; then\n    # print error to STDERR\n    echo \"error: The sandbox is not in sync with the Podfile.lock. Run 'pod install' or update your CocoaPods installation.\" >&2\n    exit 1\nfi\n# This output is used by Xcode 'outputs' to avoid re-running this script phase.\necho \"SUCCESS\" > \"${SCRIPT_OUTPUT_FILE_0}\"\n";
			showEnvVarsInLog = 0;
		};
		1C12825826E426FD547183C8 /* [CP] Embed Pods Frameworks */ = {
			isa = PBXShellScriptBuildPhase;
			buildActionMask = 2147483647;
			files = (
			);
			inputFileListPaths = (
				"${PODS_ROOT}/Target Support Files/Pods-GoalTracker2-GoalTracker2UITests/Pods-GoalTracker2-GoalTracker2UITests-frameworks-${CONFIGURATION}-input-files.xcfilelist",
			);
			name = "[CP] Embed Pods Frameworks";
			outputFileListPaths = (
				"${PODS_ROOT}/Target Support Files/Pods-GoalTracker2-GoalTracker2UITests/Pods-GoalTracker2-GoalTracker2UITests-frameworks-${CONFIGURATION}-output-files.xcfilelist",
			);
			runOnlyForDeploymentPostprocessing = 0;
			shellPath = /bin/sh;
			shellScript = "\"${PODS_ROOT}/Target Support Files/Pods-GoalTracker2-GoalTracker2UITests/Pods-GoalTracker2-GoalTracker2UITests-frameworks.sh\"\n";
			showEnvVarsInLog = 0;
		};
		5CF904DD1705C925BDF4B969 /* [CP] Embed Pods Frameworks */ = {
			isa = PBXShellScriptBuildPhase;
			buildActionMask = 2147483647;
			files = (
			);
			inputFileListPaths = (
				"${PODS_ROOT}/Target Support Files/Pods-GoalTracker2/Pods-GoalTracker2-frameworks-${CONFIGURATION}-input-files.xcfilelist",
			);
			name = "[CP] Embed Pods Frameworks";
			outputFileListPaths = (
				"${PODS_ROOT}/Target Support Files/Pods-GoalTracker2/Pods-GoalTracker2-frameworks-${CONFIGURATION}-output-files.xcfilelist",
			);
			runOnlyForDeploymentPostprocessing = 0;
			shellPath = /bin/sh;
			shellScript = "\"${PODS_ROOT}/Target Support Files/Pods-GoalTracker2/Pods-GoalTracker2-frameworks.sh\"\n";
			showEnvVarsInLog = 0;
		};
		7C5F80706A8BC8FFC3A23389 /* [CP] Check Pods Manifest.lock */ = {
			isa = PBXShellScriptBuildPhase;
			buildActionMask = 2147483647;
			files = (
			);
			inputFileListPaths = (
			);
			inputPaths = (
				"${PODS_PODFILE_DIR_PATH}/Podfile.lock",
				"${PODS_ROOT}/Manifest.lock",
			);
			name = "[CP] Check Pods Manifest.lock";
			outputFileListPaths = (
			);
			outputPaths = (
				"$(DERIVED_FILE_DIR)/Pods-GoalTracker2Tests-checkManifestLockResult.txt",
			);
			runOnlyForDeploymentPostprocessing = 0;
			shellPath = /bin/sh;
			shellScript = "diff \"${PODS_PODFILE_DIR_PATH}/Podfile.lock\" \"${PODS_ROOT}/Manifest.lock\" > /dev/null\nif [ $? != 0 ] ; then\n    # print error to STDERR\n    echo \"error: The sandbox is not in sync with the Podfile.lock. Run 'pod install' or update your CocoaPods installation.\" >&2\n    exit 1\nfi\n# This output is used by Xcode 'outputs' to avoid re-running this script phase.\necho \"SUCCESS\" > \"${SCRIPT_OUTPUT_FILE_0}\"\n";
			showEnvVarsInLog = 0;
		};
		C56B5FFA16E5A601A75C350E /* [CP] Check Pods Manifest.lock */ = {
			isa = PBXShellScriptBuildPhase;
			buildActionMask = 2147483647;
			files = (
			);
			inputFileListPaths = (
			);
			inputPaths = (
				"${PODS_PODFILE_DIR_PATH}/Podfile.lock",
				"${PODS_ROOT}/Manifest.lock",
			);
			name = "[CP] Check Pods Manifest.lock";
			outputFileListPaths = (
			);
			outputPaths = (
				"$(DERIVED_FILE_DIR)/Pods-GoalTracker2-GoalTracker2UITests-checkManifestLockResult.txt",
			);
			runOnlyForDeploymentPostprocessing = 0;
			shellPath = /bin/sh;
			shellScript = "diff \"${PODS_PODFILE_DIR_PATH}/Podfile.lock\" \"${PODS_ROOT}/Manifest.lock\" > /dev/null\nif [ $? != 0 ] ; then\n    # print error to STDERR\n    echo \"error: The sandbox is not in sync with the Podfile.lock. Run 'pod install' or update your CocoaPods installation.\" >&2\n    exit 1\nfi\n# This output is used by Xcode 'outputs' to avoid re-running this script phase.\necho \"SUCCESS\" > \"${SCRIPT_OUTPUT_FILE_0}\"\n";
			showEnvVarsInLog = 0;
		};
/* End PBXShellScriptBuildPhase section */

/* Begin PBXSourcesBuildPhase section */
		62B5723128CEE6A000015354 /* Sources */ = {
			isa = PBXSourcesBuildPhase;
			buildActionMask = 2147483647;
			files = (
				622697F3290EA00A007754CA /* DigitalNumber.swift in Sources */,
				621AEACE28CEF66A00D53F2C /* Date_Extension.swift in Sources */,
				62B5723928CEE6A000015354 /* AppDelegate.swift in Sources */,
				621AEB0628CF058B00D53F2C /* UIView_Extension.swift in Sources */,
				62B5723B28CEE6A000015354 /* SceneDelegate.swift in Sources */,
				622F135528DCAD390072E5BF /* SettingsViewController.swift in Sources */,
				AAAFB8A328D2E572002CE265 /* NeumorphicButton.swift in Sources */,
				62B5726928CEE84000015354 /* HomeViewController.swift in Sources */,
				621AEAF728CEF74300D53F2C /* VerticalPageIndicator.swift in Sources */,
				621AEB0328CF056400D53F2C /* AddGoalViewModel11.swift in Sources */,
				62CE1ED728D6F62C00F08EF0 /* AddGoalViewController.swift in Sources */,
				62B5726C28CEE88500015354 /* UIColor_Extensions.swift in Sources */,
				621AEAC528CEF58800D53F2C /* UIFont_Extension.swift in Sources */,
				62B882BA28FACF1000FF4FBC /* AddGoalDatePickerRowView.swift in Sources */,
				622690C728D58DF400E4AA01 /* MessageBarViewModel.swift in Sources */,
				621AEACC28CEF64C00D53F2C /* Entities.swift in Sources */,
				621AEAFE28CEF74D00D53F2C /* PresentationController.swift in Sources */,
				621AEAF228CEF74300D53F2C /* ArcProcessBar.swift in Sources */,
				622697F8290EC804007754CA /* GoalCircleViewModel.swift in Sources */,
				62CA1867293270AD006F046D /* YearSelectViewController.swift in Sources */,
				621AEB0A28CF089400D53F2C /* HomeViewModel.swift in Sources */,
				621AEAD428CEF71700D53F2C /* GoalManager.swift in Sources */,
				621AEAC928CEF5A300D53F2C /* Numeric_Extension.swift in Sources */,
				621AEAD628CEF71D00D53F2C /* MainViewModel.swift in Sources */,
				622697F1290E9FC2007754CA /* SuccessFailCountView.swift in Sources */,
				62CA1865293215A1006F046D /* CalendarViewModel.swift in Sources */,
				622697FA290EC894007754CA /* GoalAnalysisViewModel.swift in Sources */,
				621AEAF328CEF74300D53F2C /* GoalCircle.swift in Sources */,
				621AEB0828CF05A000D53F2C /* UIButton_Extension.swift in Sources */,
				622F135228DCAD2A0072E5BF /* CalendarViewController.swift in Sources */,
				621AEAEF28CEF74300D53F2C /* TileBoardCollectionView.swift in Sources */,
				62CA18612930A864006F046D /* MonthsMenuCell.swift in Sources */,
				62CA185F292FCEB3006F046D /* TileProgressCell.swift in Sources */,
				621AEAF428CEF74300D53F2C /* GTAlertViewController.swift in Sources */,
				621AEB0428CF056400D53F2C /* AddGoalViewController11.swift in Sources */,
				621AEAF928CEF74300D53F2C /* MessageBar.swift in Sources */,
				621AEAF028CEF74300D53F2C /* GoalCircleCell.swift in Sources */,
				62CA185D292FCE9F006F046D /* MonthsMenuCollectionView.swift in Sources */,
				6248936028FC154A004580CB /* SwitchController.swift in Sources */,
				621AEAFA28CEF74300D53F2C /* CircularCollectionView.swift in Sources */,
				621AEAF828CEF74300D53F2C /* MainDimView.swift in Sources */,
				621AEAFB28CEF74300D53F2C /* CollectionViewCircularLayout.swift in Sources */,
				624E91E728FD6EC400E15735 /* PeriodSettingModel.swift in Sources */,
				624453E828FD3D0F003A9117 /* PeriodSettingViewModel.swift in Sources */,
				622697F6290EC7F1007754CA /* TileViewModel.swift in Sources */,
				621FEA97291A687A00AC6DDC /* FlapScoreView.swift in Sources */,
				621AEAEE28CEF74300D53F2C /* TileCell.swift in Sources */,
				AA9990CF28D1A1C800FE4A26 /* NeumorphicView.swift in Sources */,
				62CA1869293283CA006F046D /* GoalMonthlyTileCell.swift in Sources */,
				62CA186329311623006F046D /* GoalMonthlyCell.swift in Sources */,
				621AEAF128CEF74300D53F2C /* TrebleFigurePannel.swift in Sources */,
				622697EE290E9E05007754CA /* UIImageView_Extension.swift in Sources */,
				621AEB0028CEF81C00D53F2C /* Constants.swift in Sources */,
				62D5D2AE28FDF81E003E222F /* UIPicker + Rx.swift in Sources */,
				622690CD28D59DFE00E4AA01 /* PlusMenuViewController.swift in Sources */,
				620A7C60291D19BB0091177E /* UILabel_Extension.swift in Sources */,
			);
			runOnlyForDeploymentPostprocessing = 0;
		};
		62B5724728CEE6A100015354 /* Sources */ = {
			isa = PBXSourcesBuildPhase;
			buildActionMask = 2147483647;
			files = (
				62B5725028CEE6A100015354 /* GoalTracker2Tests.swift in Sources */,
			);
			runOnlyForDeploymentPostprocessing = 0;
		};
		62B5725128CEE6A100015354 /* Sources */ = {
			isa = PBXSourcesBuildPhase;
			buildActionMask = 2147483647;
			files = (
				62B5725A28CEE6A100015354 /* GoalTracker2UITests.swift in Sources */,
				62B5725C28CEE6A100015354 /* GoalTracker2UITestsLaunchTests.swift in Sources */,
			);
			runOnlyForDeploymentPostprocessing = 0;
		};
/* End PBXSourcesBuildPhase section */

/* Begin PBXTargetDependency section */
		62B5724D28CEE6A100015354 /* PBXTargetDependency */ = {
			isa = PBXTargetDependency;
			target = 62B5723428CEE6A000015354 /* GoalTracker2 */;
			targetProxy = 62B5724C28CEE6A100015354 /* PBXContainerItemProxy */;
		};
		62B5725728CEE6A100015354 /* PBXTargetDependency */ = {
			isa = PBXTargetDependency;
			target = 62B5723428CEE6A000015354 /* GoalTracker2 */;
			targetProxy = 62B5725628CEE6A100015354 /* PBXContainerItemProxy */;
		};
/* End PBXTargetDependency section */

/* Begin PBXVariantGroup section */
		62B5724328CEE6A100015354 /* LaunchScreen.storyboard */ = {
			isa = PBXVariantGroup;
			children = (
				62B5724428CEE6A100015354 /* Base */,
			);
			name = LaunchScreen.storyboard;
			sourceTree = "<group>";
		};
/* End PBXVariantGroup section */

/* Begin XCBuildConfiguration section */
		62B5725D28CEE6A100015354 /* Debug */ = {
			isa = XCBuildConfiguration;
			buildSettings = {
				ALWAYS_SEARCH_USER_PATHS = NO;
				CLANG_ANALYZER_NONNULL = YES;
				CLANG_ANALYZER_NUMBER_OBJECT_CONVERSION = YES_AGGRESSIVE;
				CLANG_CXX_LANGUAGE_STANDARD = "gnu++17";
				CLANG_ENABLE_MODULES = YES;
				CLANG_ENABLE_OBJC_ARC = YES;
				CLANG_ENABLE_OBJC_WEAK = YES;
				CLANG_WARN_BLOCK_CAPTURE_AUTORELEASING = YES;
				CLANG_WARN_BOOL_CONVERSION = YES;
				CLANG_WARN_COMMA = YES;
				CLANG_WARN_CONSTANT_CONVERSION = YES;
				CLANG_WARN_DEPRECATED_OBJC_IMPLEMENTATIONS = YES;
				CLANG_WARN_DIRECT_OBJC_ISA_USAGE = YES_ERROR;
				CLANG_WARN_DOCUMENTATION_COMMENTS = YES;
				CLANG_WARN_EMPTY_BODY = YES;
				CLANG_WARN_ENUM_CONVERSION = YES;
				CLANG_WARN_INFINITE_RECURSION = YES;
				CLANG_WARN_INT_CONVERSION = YES;
				CLANG_WARN_NON_LITERAL_NULL_CONVERSION = YES;
				CLANG_WARN_OBJC_IMPLICIT_RETAIN_SELF = YES;
				CLANG_WARN_OBJC_LITERAL_CONVERSION = YES;
				CLANG_WARN_OBJC_ROOT_CLASS = YES_ERROR;
				CLANG_WARN_QUOTED_INCLUDE_IN_FRAMEWORK_HEADER = YES;
				CLANG_WARN_RANGE_LOOP_ANALYSIS = YES;
				CLANG_WARN_STRICT_PROTOTYPES = YES;
				CLANG_WARN_SUSPICIOUS_MOVE = YES;
				CLANG_WARN_UNGUARDED_AVAILABILITY = YES_AGGRESSIVE;
				CLANG_WARN_UNREACHABLE_CODE = YES;
				CLANG_WARN__DUPLICATE_METHOD_MATCH = YES;
				COPY_PHASE_STRIP = NO;
				DEBUG_INFORMATION_FORMAT = dwarf;
				ENABLE_STRICT_OBJC_MSGSEND = YES;
				ENABLE_TESTABILITY = YES;
				GCC_C_LANGUAGE_STANDARD = gnu11;
				GCC_DYNAMIC_NO_PIC = NO;
				GCC_NO_COMMON_BLOCKS = YES;
				GCC_OPTIMIZATION_LEVEL = 0;
				GCC_PREPROCESSOR_DEFINITIONS = (
					"DEBUG=1",
					"$(inherited)",
				);
				GCC_WARN_64_TO_32_BIT_CONVERSION = YES;
				GCC_WARN_ABOUT_RETURN_TYPE = YES_ERROR;
				GCC_WARN_UNDECLARED_SELECTOR = YES;
				GCC_WARN_UNINITIALIZED_AUTOS = YES_AGGRESSIVE;
				GCC_WARN_UNUSED_FUNCTION = YES;
				GCC_WARN_UNUSED_VARIABLE = YES;
				IPHONEOS_DEPLOYMENT_TARGET = 15.0;
				MTL_ENABLE_DEBUG_INFO = INCLUDE_SOURCE;
				MTL_FAST_MATH = YES;
				ONLY_ACTIVE_ARCH = YES;
				SDKROOT = iphoneos;
				SWIFT_ACTIVE_COMPILATION_CONDITIONS = DEBUG;
				SWIFT_OPTIMIZATION_LEVEL = "-Onone";
			};
			name = Debug;
		};
		62B5725E28CEE6A100015354 /* Release */ = {
			isa = XCBuildConfiguration;
			buildSettings = {
				ALWAYS_SEARCH_USER_PATHS = NO;
				CLANG_ANALYZER_NONNULL = YES;
				CLANG_ANALYZER_NUMBER_OBJECT_CONVERSION = YES_AGGRESSIVE;
				CLANG_CXX_LANGUAGE_STANDARD = "gnu++17";
				CLANG_ENABLE_MODULES = YES;
				CLANG_ENABLE_OBJC_ARC = YES;
				CLANG_ENABLE_OBJC_WEAK = YES;
				CLANG_WARN_BLOCK_CAPTURE_AUTORELEASING = YES;
				CLANG_WARN_BOOL_CONVERSION = YES;
				CLANG_WARN_COMMA = YES;
				CLANG_WARN_CONSTANT_CONVERSION = YES;
				CLANG_WARN_DEPRECATED_OBJC_IMPLEMENTATIONS = YES;
				CLANG_WARN_DIRECT_OBJC_ISA_USAGE = YES_ERROR;
				CLANG_WARN_DOCUMENTATION_COMMENTS = YES;
				CLANG_WARN_EMPTY_BODY = YES;
				CLANG_WARN_ENUM_CONVERSION = YES;
				CLANG_WARN_INFINITE_RECURSION = YES;
				CLANG_WARN_INT_CONVERSION = YES;
				CLANG_WARN_NON_LITERAL_NULL_CONVERSION = YES;
				CLANG_WARN_OBJC_IMPLICIT_RETAIN_SELF = YES;
				CLANG_WARN_OBJC_LITERAL_CONVERSION = YES;
				CLANG_WARN_OBJC_ROOT_CLASS = YES_ERROR;
				CLANG_WARN_QUOTED_INCLUDE_IN_FRAMEWORK_HEADER = YES;
				CLANG_WARN_RANGE_LOOP_ANALYSIS = YES;
				CLANG_WARN_STRICT_PROTOTYPES = YES;
				CLANG_WARN_SUSPICIOUS_MOVE = YES;
				CLANG_WARN_UNGUARDED_AVAILABILITY = YES_AGGRESSIVE;
				CLANG_WARN_UNREACHABLE_CODE = YES;
				CLANG_WARN__DUPLICATE_METHOD_MATCH = YES;
				COPY_PHASE_STRIP = NO;
				DEBUG_INFORMATION_FORMAT = "dwarf-with-dsym";
				ENABLE_NS_ASSERTIONS = NO;
				ENABLE_STRICT_OBJC_MSGSEND = YES;
				GCC_C_LANGUAGE_STANDARD = gnu11;
				GCC_NO_COMMON_BLOCKS = YES;
				GCC_WARN_64_TO_32_BIT_CONVERSION = YES;
				GCC_WARN_ABOUT_RETURN_TYPE = YES_ERROR;
				GCC_WARN_UNDECLARED_SELECTOR = YES;
				GCC_WARN_UNINITIALIZED_AUTOS = YES_AGGRESSIVE;
				GCC_WARN_UNUSED_FUNCTION = YES;
				GCC_WARN_UNUSED_VARIABLE = YES;
				IPHONEOS_DEPLOYMENT_TARGET = 15.0;
				MTL_ENABLE_DEBUG_INFO = NO;
				MTL_FAST_MATH = YES;
				SDKROOT = iphoneos;
				SWIFT_COMPILATION_MODE = wholemodule;
				SWIFT_OPTIMIZATION_LEVEL = "-O";
				VALIDATE_PRODUCT = YES;
			};
			name = Release;
		};
		62B5726028CEE6A100015354 /* Debug */ = {
			isa = XCBuildConfiguration;
			baseConfigurationReference = E670163473202DFB2DCAFB5B /* Pods-GoalTracker2.debug.xcconfig */;
			buildSettings = {
				ASSETCATALOG_COMPILER_APPICON_NAME = AppIcon;
				ASSETCATALOG_COMPILER_GLOBAL_ACCENT_COLOR_NAME = AccentColor;
				CODE_SIGN_STYLE = Automatic;
				CURRENT_PROJECT_VERSION = 1;
				DEVELOPMENT_TEAM = 6TUZG6LW7U;
				GENERATE_INFOPLIST_FILE = YES;
				INFOPLIST_FILE = GoalTracker2/Info.plist;
				INFOPLIST_KEY_UIApplicationSupportsIndirectInputEvents = YES;
				INFOPLIST_KEY_UILaunchStoryboardName = LaunchScreen;
				INFOPLIST_KEY_UISupportedInterfaceOrientations_iPad = "UIInterfaceOrientationPortrait UIInterfaceOrientationPortraitUpsideDown UIInterfaceOrientationLandscapeLeft UIInterfaceOrientationLandscapeRight";
				INFOPLIST_KEY_UISupportedInterfaceOrientations_iPhone = "UIInterfaceOrientationPortrait UIInterfaceOrientationLandscapeLeft UIInterfaceOrientationLandscapeRight";
				LD_RUNPATH_SEARCH_PATHS = (
					"$(inherited)",
					"@executable_path/Frameworks",
				);
				MARKETING_VERSION = 1.0;
				PRODUCT_BUNDLE_IDENTIFIER = simpleCo.GoalTracker2;
				PRODUCT_NAME = "$(TARGET_NAME)";
				SWIFT_EMIT_LOC_STRINGS = YES;
				SWIFT_VERSION = 5.0;
				TARGETED_DEVICE_FAMILY = "1,2";
			};
			name = Debug;
		};
		62B5726128CEE6A100015354 /* Release */ = {
			isa = XCBuildConfiguration;
			baseConfigurationReference = B7B8F1DED38C362E951735CD /* Pods-GoalTracker2.release.xcconfig */;
			buildSettings = {
				ASSETCATALOG_COMPILER_APPICON_NAME = AppIcon;
				ASSETCATALOG_COMPILER_GLOBAL_ACCENT_COLOR_NAME = AccentColor;
				CODE_SIGN_STYLE = Automatic;
				CURRENT_PROJECT_VERSION = 1;
				DEVELOPMENT_TEAM = 6TUZG6LW7U;
				GENERATE_INFOPLIST_FILE = YES;
				INFOPLIST_FILE = GoalTracker2/Info.plist;
				INFOPLIST_KEY_UIApplicationSupportsIndirectInputEvents = YES;
				INFOPLIST_KEY_UILaunchStoryboardName = LaunchScreen;
				INFOPLIST_KEY_UISupportedInterfaceOrientations_iPad = "UIInterfaceOrientationPortrait UIInterfaceOrientationPortraitUpsideDown UIInterfaceOrientationLandscapeLeft UIInterfaceOrientationLandscapeRight";
				INFOPLIST_KEY_UISupportedInterfaceOrientations_iPhone = "UIInterfaceOrientationPortrait UIInterfaceOrientationLandscapeLeft UIInterfaceOrientationLandscapeRight";
				LD_RUNPATH_SEARCH_PATHS = (
					"$(inherited)",
					"@executable_path/Frameworks",
				);
				MARKETING_VERSION = 1.0;
				PRODUCT_BUNDLE_IDENTIFIER = simpleCo.GoalTracker2;
				PRODUCT_NAME = "$(TARGET_NAME)";
				SWIFT_EMIT_LOC_STRINGS = YES;
				SWIFT_VERSION = 5.0;
				TARGETED_DEVICE_FAMILY = "1,2";
			};
			name = Release;
		};
		62B5726328CEE6A100015354 /* Debug */ = {
			isa = XCBuildConfiguration;
			baseConfigurationReference = 0948CCDFED13891E6FD9E00F /* Pods-GoalTracker2Tests.debug.xcconfig */;
			buildSettings = {
				ALWAYS_EMBED_SWIFT_STANDARD_LIBRARIES = YES;
				BUNDLE_LOADER = "$(TEST_HOST)";
				CODE_SIGN_STYLE = Automatic;
				CURRENT_PROJECT_VERSION = 1;
				DEVELOPMENT_TEAM = 6TUZG6LW7U;
				GENERATE_INFOPLIST_FILE = YES;
				IPHONEOS_DEPLOYMENT_TARGET = 15.5;
				MARKETING_VERSION = 1.0;
				PRODUCT_BUNDLE_IDENTIFIER = simpleCo.GoalTracker2Tests;
				PRODUCT_NAME = "$(TARGET_NAME)";
				SWIFT_EMIT_LOC_STRINGS = NO;
				SWIFT_VERSION = 5.0;
				TARGETED_DEVICE_FAMILY = "1,2";
				TEST_HOST = "$(BUILT_PRODUCTS_DIR)/GoalTracker2.app/GoalTracker2";
			};
			name = Debug;
		};
		62B5726428CEE6A100015354 /* Release */ = {
			isa = XCBuildConfiguration;
			baseConfigurationReference = 6E3403375D2E08953A642A97 /* Pods-GoalTracker2Tests.release.xcconfig */;
			buildSettings = {
				ALWAYS_EMBED_SWIFT_STANDARD_LIBRARIES = YES;
				BUNDLE_LOADER = "$(TEST_HOST)";
				CODE_SIGN_STYLE = Automatic;
				CURRENT_PROJECT_VERSION = 1;
				DEVELOPMENT_TEAM = 6TUZG6LW7U;
				GENERATE_INFOPLIST_FILE = YES;
				IPHONEOS_DEPLOYMENT_TARGET = 15.5;
				MARKETING_VERSION = 1.0;
				PRODUCT_BUNDLE_IDENTIFIER = simpleCo.GoalTracker2Tests;
				PRODUCT_NAME = "$(TARGET_NAME)";
				SWIFT_EMIT_LOC_STRINGS = NO;
				SWIFT_VERSION = 5.0;
				TARGETED_DEVICE_FAMILY = "1,2";
				TEST_HOST = "$(BUILT_PRODUCTS_DIR)/GoalTracker2.app/GoalTracker2";
			};
			name = Release;
		};
		62B5726628CEE6A100015354 /* Debug */ = {
			isa = XCBuildConfiguration;
			baseConfigurationReference = 9E3026A29071F2207AD91954 /* Pods-GoalTracker2-GoalTracker2UITests.debug.xcconfig */;
			buildSettings = {
				ALWAYS_EMBED_SWIFT_STANDARD_LIBRARIES = YES;
				CODE_SIGN_STYLE = Automatic;
				CURRENT_PROJECT_VERSION = 1;
				DEVELOPMENT_TEAM = 6TUZG6LW7U;
				GENERATE_INFOPLIST_FILE = YES;
				MARKETING_VERSION = 1.0;
				PRODUCT_BUNDLE_IDENTIFIER = simpleCo.GoalTracker2UITests;
				PRODUCT_NAME = "$(TARGET_NAME)";
				SWIFT_EMIT_LOC_STRINGS = NO;
				SWIFT_VERSION = 5.0;
				TARGETED_DEVICE_FAMILY = "1,2";
				TEST_TARGET_NAME = GoalTracker2;
			};
			name = Debug;
		};
		62B5726728CEE6A100015354 /* Release */ = {
			isa = XCBuildConfiguration;
			baseConfigurationReference = 7DB549AED6B2F40D9115861A /* Pods-GoalTracker2-GoalTracker2UITests.release.xcconfig */;
			buildSettings = {
				ALWAYS_EMBED_SWIFT_STANDARD_LIBRARIES = YES;
				CODE_SIGN_STYLE = Automatic;
				CURRENT_PROJECT_VERSION = 1;
				DEVELOPMENT_TEAM = 6TUZG6LW7U;
				GENERATE_INFOPLIST_FILE = YES;
				MARKETING_VERSION = 1.0;
				PRODUCT_BUNDLE_IDENTIFIER = simpleCo.GoalTracker2UITests;
				PRODUCT_NAME = "$(TARGET_NAME)";
				SWIFT_EMIT_LOC_STRINGS = NO;
				SWIFT_VERSION = 5.0;
				TARGETED_DEVICE_FAMILY = "1,2";
				TEST_TARGET_NAME = GoalTracker2;
			};
			name = Release;
		};
/* End XCBuildConfiguration section */

/* Begin XCConfigurationList section */
		62B5723028CEE6A000015354 /* Build configuration list for PBXProject "GoalTracker2" */ = {
			isa = XCConfigurationList;
			buildConfigurations = (
				62B5725D28CEE6A100015354 /* Debug */,
				62B5725E28CEE6A100015354 /* Release */,
			);
			defaultConfigurationIsVisible = 0;
			defaultConfigurationName = Release;
		};
		62B5725F28CEE6A100015354 /* Build configuration list for PBXNativeTarget "GoalTracker2" */ = {
			isa = XCConfigurationList;
			buildConfigurations = (
				62B5726028CEE6A100015354 /* Debug */,
				62B5726128CEE6A100015354 /* Release */,
			);
			defaultConfigurationIsVisible = 0;
			defaultConfigurationName = Release;
		};
		62B5726228CEE6A100015354 /* Build configuration list for PBXNativeTarget "GoalTracker2Tests" */ = {
			isa = XCConfigurationList;
			buildConfigurations = (
				62B5726328CEE6A100015354 /* Debug */,
				62B5726428CEE6A100015354 /* Release */,
			);
			defaultConfigurationIsVisible = 0;
			defaultConfigurationName = Release;
		};
		62B5726528CEE6A100015354 /* Build configuration list for PBXNativeTarget "GoalTracker2UITests" */ = {
			isa = XCConfigurationList;
			buildConfigurations = (
				62B5726628CEE6A100015354 /* Debug */,
				62B5726728CEE6A100015354 /* Release */,
			);
			defaultConfigurationIsVisible = 0;
			defaultConfigurationName = Release;
		};
/* End XCConfigurationList section */
	};
	rootObject = 62B5722D28CEE6A000015354 /* Project object */;
}
